// !$*UTF8*$!
{
	archiveVersion = 1;
	classes = {
	};
	objectVersion = 46;
	objects = {

/* Begin PBXAggregateTarget section */
		777826911722477A005BB0B6 /* GenGitVersion */ = {
			isa = PBXAggregateTarget;
			buildConfigurationList = 777826941722477B005BB0B6 /* Build configuration list for PBXAggregateTarget "GenGitVersion" */;
			buildPhases = (
				7778269517224790005BB0B6 /* ShellScript */,
			);
			dependencies = (
			);
			name = GenGitVersion;
			productName = GenGitVersion;
		};
/* End PBXAggregateTarget section */

/* Begin PBXBuildFile section */
		18089E4B171CFA7C00BCB50E /* BRComment.m in Sources */ = {isa = PBXBuildFile; fileRef = 18089E4A171CFA7A00BCB50E /* BRComment.m */; };
		1888A3A516FFE8420046DA4C /* ServiceManager.m in Sources */ = {isa = PBXBuildFile; fileRef = 1888A3A416FFE8420046DA4C /* ServiceManager.m */; };
		188FE62716F84510009561CB /* Localizable.strings in Resources */ = {isa = PBXBuildFile; fileRef = 188FE62516F84510009561CB /* Localizable.strings */; };
		188FE67416FB003F009561CB /* CoreData.framework in Frameworks */ = {isa = PBXBuildFile; fileRef = 188FE67316FB003F009561CB /* CoreData.framework */; };
		18A7FF42176087C900F97099 /* Book+Local.m in Sources */ = {isa = PBXBuildFile; fileRef = 18A7FF41176087C900F97099 /* Book+Local.m */; };
		18ABAF2F1724FAFC00ED02C6 /* BRPay.m in Sources */ = {isa = PBXBuildFile; fileRef = 18ABAF2E1724FAFC00ED02C6 /* BRPay.m */; };
		18ABAF321724FB1D00ED02C6 /* BRUser.m in Sources */ = {isa = PBXBuildFile; fileRef = 18ABAF311724FB1D00ED02C6 /* BRUser.m */; };
		18B39BAC17B067DF0092AC0A /* GiftButton.m in Sources */ = {isa = PBXBuildFile; fileRef = 18B39BAB17B067DF0092AC0A /* GiftButton.m */; };
		18BB11C417CA004500736BB4 /* libUMFeedback.a in Frameworks */ = {isa = PBXBuildFile; fileRef = 18BB11C117CA004500736BB4 /* libUMFeedback.a */; };
		18BB11C517CA004500736BB4 /* umFeedback.bundle in Resources */ = {isa = PBXBuildFile; fileRef = 18BB11C217CA004500736BB4 /* umFeedback.bundle */; };
		18FD246617B37A8000D11CCA /* libMobClickLibrary.a in Frameworks */ = {isa = PBXBuildFile; fileRef = 18FD246417B37A8000D11CCA /* libMobClickLibrary.a */; };
		58F247A5F54B45CE9CE8F721 /* libPods.a in Frameworks */ = {isa = PBXBuildFile; fileRef = 40F07666AF894B50A100C9D3 /* libPods.a */; };
		7780154E17622205005296DD /* MobileCoreServices.framework in Frameworks */ = {isa = PBXBuildFile; fileRef = 7780154D17622204005296DD /* MobileCoreServices.framework */; };
		778015511762224A005296DD /* SystemConfiguration.framework in Frameworks */ = {isa = PBXBuildFile; fileRef = 7780154F1762222B005296DD /* SystemConfiguration.framework */; };
		7784F34517FBFDB500C666DF /* ModelManaged.xcdatamodeld in Sources */ = {isa = PBXBuildFile; fileRef = 7784F34317FBFDB500C666DF /* ModelManaged.xcdatamodeld */; };
		7784F34817FC018000C666DF /* Images.xcassets in Resources */ = {isa = PBXBuildFile; fileRef = 7784F34717FC018000C666DF /* Images.xcassets */; };
		778671AF17E3E464001FDB67 /* MBProgressHUD+Appearance.m in Sources */ = {isa = PBXBuildFile; fileRef = 7786719817E3E464001FDB67 /* MBProgressHUD+Appearance.m */; };
		778671B117E3E464001FDB67 /* NSString+BundleExtensions.m in Sources */ = {isa = PBXBuildFile; fileRef = 7786719C17E3E464001FDB67 /* NSString+BundleExtensions.m */; };
		778671B217E3E464001FDB67 /* NSString+ZBUtilites.m in Sources */ = {isa = PBXBuildFile; fileRef = 7786719E17E3E464001FDB67 /* NSString+ZBUtilites.m */; };
		778671B417E3E464001FDB67 /* README.md in Resources */ = {isa = PBXBuildFile; fileRef = 778671A017E3E464001FDB67 /* README.md */; };
		778671B517E3E464001FDB67 /* UIColor+Hex.m in Sources */ = {isa = PBXBuildFile; fileRef = 778671A217E3E464001FDB67 /* UIColor+Hex.m */; };
		778671B617E3E464001FDB67 /* UIColor+Random.m in Sources */ = {isa = PBXBuildFile; fileRef = 778671A417E3E464001FDB67 /* UIColor+Random.m */; };
		778671B717E3E464001FDB67 /* UIDevice+ZBUtilites.m in Sources */ = {isa = PBXBuildFile; fileRef = 778671A617E3E464001FDB67 /* UIDevice+ZBUtilites.m */; };
		778671B817E3E464001FDB67 /* UIViewController+HUD.m in Sources */ = {isa = PBXBuildFile; fileRef = 778671A817E3E464001FDB67 /* UIViewController+HUD.m */; };
		778671B917E3E464001FDB67 /* ZBTextValidate.m in Sources */ = {isa = PBXBuildFile; fileRef = 778671AA17E3E464001FDB67 /* ZBTextValidate.m */; };
		778671BA17E3E464001FDB67 /* ZBViewController.m in Sources */ = {isa = PBXBuildFile; fileRef = 778671AC17E3E464001FDB67 /* ZBViewController.m */; };
		778E7A6417B6414900DC28B7 /* StoreKit.framework in Frameworks */ = {isa = PBXBuildFile; fileRef = 778E7A6317B6414700DC28B7 /* StoreKit.framework */; };
		778E7A6D17B7520F00DC28B7 /* BRWifiReminderView.m in Sources */ = {isa = PBXBuildFile; fileRef = 778E7A6C17B7520F00DC28B7 /* BRWifiReminderView.m */; };
		779423E317BDDDFA00814D07 /* BRNotification.m in Sources */ = {isa = PBXBuildFile; fileRef = 779423E217BDDDFA00814D07 /* BRNotification.m */; };
		779423EC17BF559100814D07 /* BRChapterNameView.m in Sources */ = {isa = PBXBuildFile; fileRef = 779423EB17BF559100814D07 /* BRChapterNameView.m */; };
		779A5A8E17C0536700C865FE /* BookShelfHelpView.m in Sources */ = {isa = PBXBuildFile; fileRef = 779A5A8D17C0536700C865FE /* BookShelfHelpView.m */; };
		779C6720174461DB00909D6A /* Book+Setup.m in Sources */ = {isa = PBXBuildFile; fileRef = 779C671F174461DB00909D6A /* Book+Setup.m */; };
		779C6723174461F000909D6A /* Chapter+Setup.m in Sources */ = {isa = PBXBuildFile; fileRef = 779C6722174461F000909D6A /* Chapter+Setup.m */; };
		779C672C17446DCD00909D6A /* BRContextManager.m in Sources */ = {isa = PBXBuildFile; fileRef = 779C672B17446DCD00909D6A /* BRContextManager.m */; };
		77A90A16180CCC130049665B /* NSUserDefaults+BookReader.m in Sources */ = {isa = PBXBuildFile; fileRef = 77A90A15180CCC130049665B /* NSUserDefaults+BookReader.m */; };
		77A90A19180CCC2D0049665B /* UITextField+BookReader.m in Sources */ = {isa = PBXBuildFile; fileRef = 77A90A18180CCC2D0049665B /* UITextField+BookReader.m */; };
		77A90A1C180CCC540049665B /* CommentViewController.m in Sources */ = {isa = PBXBuildFile; fileRef = 77A90A1B180CCC540049665B /* CommentViewController.m */; };
		77A90A1F180CCC640049665B /* PopLoginViewController.m in Sources */ = {isa = PBXBuildFile; fileRef = 77A90A1E180CCC640049665B /* PopLoginViewController.m */; };
		77A90A24180CCC750049665B /* NSString+XXSY.m in Sources */ = {isa = PBXBuildFile; fileRef = 77A90A21180CCC750049665B /* NSString+XXSY.m */; };
		77A90A25180CCC750049665B /* UINavigationController+RotationIn_IOS6.m in Sources */ = {isa = PBXBuildFile; fileRef = 77A90A23180CCC750049665B /* UINavigationController+RotationIn_IOS6.m */; };
		77B378D817AB81B900D8D63D /* Mark.m in Sources */ = {isa = PBXBuildFile; fileRef = 77B378D717AB81B900D8D63D /* Mark.m */; };
		77B378DD17AB8E4700D8D63D /* BookDoc in Resources */ = {isa = PBXBuildFile; fileRef = 77B378DC17AB8E4700D8D63D /* BookDoc */; };
		77B378E117AB8EB400D8D63D /* FTBWKT.ttf in Resources */ = {isa = PBXBuildFile; fileRef = 77B378DF17AB8EB400D8D63D /* FTBWKT.ttf */; };
		77B378E217AB8EB400D8D63D /* FZLTHJW.ttf in Resources */ = {isa = PBXBuildFile; fileRef = 77B378E017AB8EB400D8D63D /* FZLTHJW.ttf */; };
		77E2E15917F69A04003FD87A /* Chapter.m in Sources */ = {isa = PBXBuildFile; fileRef = 77E2E15817F69A04003FD87A /* Chapter.m */; };
		77E2E15C17F69A74003FD87A /* ShelfCategory.m in Sources */ = {isa = PBXBuildFile; fileRef = 77E2E15B17F69A74003FD87A /* ShelfCategory.m */; };
		77E2E15F17F69AAF003FD87A /* Book.m in Sources */ = {isa = PBXBuildFile; fileRef = 77E2E15E17F69AAF003FD87A /* Book.m */; };
		77E2E16517F6A02F003FD87A /* BRShelfCategoryView.m in Sources */ = {isa = PBXBuildFile; fileRef = 77E2E16417F6A02F003FD87A /* BRShelfCategoryView.m */; };
		77E2E16817F6CB68003FD87A /* ShelfCategory+Setup.m in Sources */ = {isa = PBXBuildFile; fileRef = 77E2E16717F6CB68003FD87A /* ShelfCategory+Setup.m */; };
		77F889B9180BE63A00D6A45D /* BRBottomView.m in Sources */ = {isa = PBXBuildFile; fileRef = 77F889B8180BE63A00D6A45D /* BRBottomView.m */; };
		77F889BC180C2B3500D6A45D /* BRBookStoreTabBarView.m in Sources */ = {isa = PBXBuildFile; fileRef = 77F889BB180C2B3500D6A45D /* BRBookStoreTabBarView.m */; };
		77F889C5180C2B9A00D6A45D /* UIButton+BookReader.m in Sources */ = {isa = PBXBuildFile; fileRef = 77F889BE180C2B9A00D6A45D /* UIButton+BookReader.m */; };
		77F889C6180C2B9A00D6A45D /* UIColor+BookReader.m in Sources */ = {isa = PBXBuildFile; fileRef = 77F889C0180C2B9A00D6A45D /* UIColor+BookReader.m */; };
		77F889C7180C2B9A00D6A45D /* UILabel+BookReader.m in Sources */ = {isa = PBXBuildFile; fileRef = 77F889C2180C2B9A00D6A45D /* UILabel+BookReader.m */; };
		77F889C8180C2B9A00D6A45D /* UIView+BookReader.m in Sources */ = {isa = PBXBuildFile; fileRef = 77F889C4180C2B9A00D6A45D /* UIView+BookReader.m */; };
		77F889FD180C2C0900D6A45D /* BookCell.m in Sources */ = {isa = PBXBuildFile; fileRef = 77F889CA180C2C0800D6A45D /* BookCell.m */; };
		77F889FE180C2C0900D6A45D /* BookDetailsViewController.m in Sources */ = {isa = PBXBuildFile; fileRef = 77F889CC180C2C0800D6A45D /* BookDetailsViewController.m */; };
		77F889FF180C2C0900D6A45D /* BookMarkCell.m in Sources */ = {isa = PBXBuildFile; fileRef = 77F889CE180C2C0800D6A45D /* BookMarkCell.m */; };
		77F88A00180C2C0900D6A45D /* BookReadMenuView.m in Sources */ = {isa = PBXBuildFile; fileRef = 77F889D0180C2C0800D6A45D /* BookReadMenuView.m */; };
		77F88A01180C2C0900D6A45D /* BookShelfViewController.m in Sources */ = {isa = PBXBuildFile; fileRef = 77F889D2180C2C0800D6A45D /* BookShelfViewController.m */; };
		77F88A02180C2C0900D6A45D /* BRBookCell.m in Sources */ = {isa = PBXBuildFile; fileRef = 77F889D4180C2C0800D6A45D /* BRBookCell.m */; };
		77F88A03180C2C0900D6A45D /* BRBookStoreViewController.m in Sources */ = {isa = PBXBuildFile; fileRef = 77F889D6180C2C0800D6A45D /* BRBookStoreViewController.m */; };
		77F88A04180C2C0900D6A45D /* BRBooksView.m in Sources */ = {isa = PBXBuildFile; fileRef = 77F889D8180C2C0800D6A45D /* BRBooksView.m */; };
		77F88A05180C2C0900D6A45D /* BRHeaderView.m in Sources */ = {isa = PBXBuildFile; fileRef = 77F889DA180C2C0800D6A45D /* BRHeaderView.m */; };
		77F88A06180C2C0900D6A45D /* BRNotificationView.m in Sources */ = {isa = PBXBuildFile; fileRef = 77F889DC180C2C0800D6A45D /* BRNotificationView.m */; };
		77F88A07180C2C0900D6A45D /* BRViewController.m in Sources */ = {isa = PBXBuildFile; fileRef = 77F889DE180C2C0800D6A45D /* BRViewController.m */; };
		77F88A08180C2C0900D6A45D /* CategoryDetailsViewController.m in Sources */ = {isa = PBXBuildFile; fileRef = 77F889E0180C2C0800D6A45D /* CategoryDetailsViewController.m */; };
		77F88A09180C2C0900D6A45D /* ChapterCell.m in Sources */ = {isa = PBXBuildFile; fileRef = 77F889E2180C2C0800D6A45D /* ChapterCell.m */; };
		77F88A0A180C2C0900D6A45D /* ChaptersViewController.m in Sources */ = {isa = PBXBuildFile; fileRef = 77F889E4180C2C0800D6A45D /* ChaptersViewController.m */; };
		77F88A0B180C2C0900D6A45D /* CommentCell.m in Sources */ = {isa = PBXBuildFile; fileRef = 77F889E6180C2C0800D6A45D /* CommentCell.m */; };
		77F88A0C180C2C0900D6A45D /* CoreTextView.m in Sources */ = {isa = PBXBuildFile; fileRef = 77F889E8180C2C0800D6A45D /* CoreTextView.m */; };
		77F88A0D180C2C0900D6A45D /* CoreTextViewController.m in Sources */ = {isa = PBXBuildFile; fileRef = 77F889EA180C2C0800D6A45D /* CoreTextViewController.m */; };
		77F88A0E180C2C0900D6A45D /* GiftCell.m in Sources */ = {isa = PBXBuildFile; fileRef = 77F889EC180C2C0800D6A45D /* GiftCell.m */; };
		77F88A0F180C2C0900D6A45D /* GiftViewController.m in Sources */ = {isa = PBXBuildFile; fileRef = 77F889EE180C2C0800D6A45D /* GiftViewController.m */; };
		77F88A10180C2C0900D6A45D /* MemberViewController.m in Sources */ = {isa = PBXBuildFile; fileRef = 77F889F0180C2C0800D6A45D /* MemberViewController.m */; };
		77F88A11180C2C0900D6A45D /* PasswordViewController.m in Sources */ = {isa = PBXBuildFile; fileRef = 77F889F2180C2C0800D6A45D /* PasswordViewController.m */; };
		77F88A12180C2C0900D6A45D /* ReadHelpView.m in Sources */ = {isa = PBXBuildFile; fileRef = 77F889F4180C2C0800D6A45D /* ReadHelpView.m */; };
		77F88A13180C2C0900D6A45D /* ReadStatusView.m in Sources */ = {isa = PBXBuildFile; fileRef = 77F889F6180C2C0800D6A45D /* ReadStatusView.m */; };
		77F88A14180C2C0900D6A45D /* SignInViewController.m in Sources */ = {isa = PBXBuildFile; fileRef = 77F889F8180C2C0800D6A45D /* SignInViewController.m */; };
		77F88A15180C2C0900D6A45D /* SignUpViewController.m in Sources */ = {isa = PBXBuildFile; fileRef = 77F889FA180C2C0800D6A45D /* SignUpViewController.m */; };
		77F88A16180C2C0900D6A45D /* WebViewController.m in Sources */ = {isa = PBXBuildFile; fileRef = 77F889FC180C2C0800D6A45D /* WebViewController.m */; };
		8B0371C216AD219100DFE776 /* CFNetwork.framework in Frameworks */ = {isa = PBXBuildFile; fileRef = 8B0371C116AD219100DFE776 /* CFNetwork.framework */; };
		8B22BC55167EBBA900A2B316 /* libz.dylib in Frameworks */ = {isa = PBXBuildFile; fileRef = 8B22BC54167EBBA900A2B316 /* libz.dylib */; };
		8B9F3CA516A40B8F00DBC77D /* libsqlite3.dylib in Frameworks */ = {isa = PBXBuildFile; fileRef = 8B9F3CA416A40B8F00DBC77D /* libsqlite3.dylib */; };
		8BDB0AB6165E03BB008F328A /* UIKit.framework in Frameworks */ = {isa = PBXBuildFile; fileRef = 8BDB0AB5165E03BB008F328A /* UIKit.framework */; };
		8BDB0AB8165E03BB008F328A /* Foundation.framework in Frameworks */ = {isa = PBXBuildFile; fileRef = 8BDB0AB7165E03BB008F328A /* Foundation.framework */; };
		8BDB0ABA165E03BB008F328A /* CoreGraphics.framework in Frameworks */ = {isa = PBXBuildFile; fileRef = 8BDB0AB9165E03BB008F328A /* CoreGraphics.framework */; };
		8BDB0AC0165E03BB008F328A /* InfoPlist.strings in Resources */ = {isa = PBXBuildFile; fileRef = 8BDB0ABE165E03BB008F328A /* InfoPlist.strings */; };
		8BDB0AC2165E03BB008F328A /* main.m in Sources */ = {isa = PBXBuildFile; fileRef = 8BDB0AC1165E03BB008F328A /* main.m */; };
		8BDB0AC6165E03BB008F328A /* AppDelegate.m in Sources */ = {isa = PBXBuildFile; fileRef = 8BDB0AC5165E03BB008F328A /* AppDelegate.m */; };
		8BDB0BD4165E0638008F328A /* CoreText.framework in Frameworks */ = {isa = PBXBuildFile; fileRef = 8BDB0BD3165E0638008F328A /* CoreText.framework */; };
		8BDB0BDA165E065B008F328A /* QuartzCore.framework in Frameworks */ = {isa = PBXBuildFile; fileRef = 8BDB0BD9165E065B008F328A /* QuartzCore.framework */; };
		8BF7472E166DF0D90079E464 /* Security.framework in Frameworks */ = {isa = PBXBuildFile; fileRef = 8BF7472D166DF0D90079E464 /* Security.framework */; };
		8BF74730166DF0DF0079E464 /* MessageUI.framework in Frameworks */ = {isa = PBXBuildFile; fileRef = 8BF7472F166DF0DF0079E464 /* MessageUI.framework */; };
/* End PBXBuildFile section */

/* Begin PBXContainerItemProxy section */
		7778269617225830005BB0B6 /* PBXContainerItemProxy */ = {
			isa = PBXContainerItemProxy;
			containerPortal = 8BDB0AA8165E03BB008F328A /* Project object */;
			proxyType = 1;
			remoteGlobalIDString = 777826911722477A005BB0B6;
			remoteInfo = GenGitVersion;
		};
/* End PBXContainerItemProxy section */

/* Begin PBXFileReference section */
		18089E49171CFA7A00BCB50E /* BRComment.h */ = {isa = PBXFileReference; fileEncoding = 4; lastKnownFileType = sourcecode.c.h; path = BRComment.h; sourceTree = "<group>"; };
		18089E4A171CFA7A00BCB50E /* BRComment.m */ = {isa = PBXFileReference; fileEncoding = 4; lastKnownFileType = sourcecode.c.objc; path = BRComment.m; sourceTree = "<group>"; };
		1888A3A316FFE8420046DA4C /* ServiceManager.h */ = {isa = PBXFileReference; fileEncoding = 4; lastKnownFileType = sourcecode.c.h; path = ServiceManager.h; sourceTree = "<group>"; };
		1888A3A416FFE8420046DA4C /* ServiceManager.m */ = {isa = PBXFileReference; fileEncoding = 4; lastKnownFileType = sourcecode.c.objc; path = ServiceManager.m; sourceTree = "<group>"; };
		188FE62616F84510009561CB /* zh-Hans */ = {isa = PBXFileReference; lastKnownFileType = text.plist.strings; name = "zh-Hans"; path = "zh-Hans.lproj/Localizable.strings"; sourceTree = "<group>"; };
		188FE62816F8453E009561CB /* en */ = {isa = PBXFileReference; lastKnownFileType = text.plist.strings; name = en; path = en.lproj/Localizable.strings; sourceTree = "<group>"; };
		188FE67316FB003F009561CB /* CoreData.framework */ = {isa = PBXFileReference; lastKnownFileType = wrapper.framework; name = CoreData.framework; path = System/Library/Frameworks/CoreData.framework; sourceTree = SDKROOT; };
		18A7FF40176087C900F97099 /* Book+Local.h */ = {isa = PBXFileReference; fileEncoding = 4; lastKnownFileType = sourcecode.c.h; path = "Book+Local.h"; sourceTree = "<group>"; };
		18A7FF41176087C900F97099 /* Book+Local.m */ = {isa = PBXFileReference; fileEncoding = 4; lastKnownFileType = sourcecode.c.objc; path = "Book+Local.m"; sourceTree = "<group>"; };
		18ABAF2D1724FAFB00ED02C6 /* BRPay.h */ = {isa = PBXFileReference; fileEncoding = 4; lastKnownFileType = sourcecode.c.h; path = BRPay.h; sourceTree = "<group>"; };
		18ABAF2E1724FAFC00ED02C6 /* BRPay.m */ = {isa = PBXFileReference; fileEncoding = 4; lastKnownFileType = sourcecode.c.objc; path = BRPay.m; sourceTree = "<group>"; };
		18ABAF301724FB1D00ED02C6 /* BRUser.h */ = {isa = PBXFileReference; fileEncoding = 4; lastKnownFileType = sourcecode.c.h; path = BRUser.h; sourceTree = "<group>"; };
		18ABAF311724FB1D00ED02C6 /* BRUser.m */ = {isa = PBXFileReference; fileEncoding = 4; lastKnownFileType = sourcecode.c.objc; path = BRUser.m; sourceTree = "<group>"; };
		18B39BAA17B067DF0092AC0A /* GiftButton.h */ = {isa = PBXFileReference; fileEncoding = 4; lastKnownFileType = sourcecode.c.h; path = GiftButton.h; sourceTree = "<group>"; };
		18B39BAB17B067DF0092AC0A /* GiftButton.m */ = {isa = PBXFileReference; fileEncoding = 4; lastKnownFileType = sourcecode.c.objc; path = GiftButton.m; sourceTree = "<group>"; };
		18BB11C117CA004500736BB4 /* libUMFeedback.a */ = {isa = PBXFileReference; lastKnownFileType = archive.ar; path = libUMFeedback.a; sourceTree = "<group>"; };
		18BB11C217CA004500736BB4 /* umFeedback.bundle */ = {isa = PBXFileReference; lastKnownFileType = "wrapper.plug-in"; path = umFeedback.bundle; sourceTree = "<group>"; };
		18BB11C317CA004500736BB4 /* UMFeedback.h */ = {isa = PBXFileReference; fileEncoding = 4; lastKnownFileType = sourcecode.c.h; path = UMFeedback.h; sourceTree = "<group>"; };
		18FD246417B37A8000D11CCA /* libMobClickLibrary.a */ = {isa = PBXFileReference; lastKnownFileType = archive.ar; path = libMobClickLibrary.a; sourceTree = "<group>"; };
		18FD246517B37A8000D11CCA /* MobClick.h */ = {isa = PBXFileReference; fileEncoding = 4; lastKnownFileType = sourcecode.c.h; path = MobClick.h; sourceTree = "<group>"; };
		40F07666AF894B50A100C9D3 /* libPods.a */ = {isa = PBXFileReference; explicitFileType = archive.ar; includeInIndex = 0; path = libPods.a; sourceTree = BUILT_PRODUCTS_DIR; };
		71420828D2A64A2E969CD3BD /* Pods.xcconfig */ = {isa = PBXFileReference; includeInIndex = 1; lastKnownFileType = text.xcconfig; name = Pods.xcconfig; path = Pods/Pods.xcconfig; sourceTree = "<group>"; };
		7780154D17622204005296DD /* MobileCoreServices.framework */ = {isa = PBXFileReference; lastKnownFileType = wrapper.framework; name = MobileCoreServices.framework; path = System/Library/Frameworks/MobileCoreServices.framework; sourceTree = SDKROOT; };
		7780154F1762222B005296DD /* SystemConfiguration.framework */ = {isa = PBXFileReference; lastKnownFileType = wrapper.framework; name = SystemConfiguration.framework; path = System/Library/Frameworks/SystemConfiguration.framework; sourceTree = SDKROOT; };
		7784F34417FBFDB500C666DF /* ModelManaged.xcdatamodel */ = {isa = PBXFileReference; lastKnownFileType = wrapper.xcdatamodel; path = ModelManaged.xcdatamodel; sourceTree = "<group>"; };
		7784F34717FC018000C666DF /* Images.xcassets */ = {isa = PBXFileReference; lastKnownFileType = folder.assetcatalog; path = Images.xcassets; sourceTree = "<group>"; };
		7786719717E3E464001FDB67 /* MBProgressHUD+Appearance.h */ = {isa = PBXFileReference; fileEncoding = 4; lastKnownFileType = sourcecode.c.h; path = "MBProgressHUD+Appearance.h"; sourceTree = "<group>"; };
		7786719817E3E464001FDB67 /* MBProgressHUD+Appearance.m */ = {isa = PBXFileReference; fileEncoding = 4; lastKnownFileType = sourcecode.c.objc; path = "MBProgressHUD+Appearance.m"; sourceTree = "<group>"; };
		7786719B17E3E464001FDB67 /* NSString+BundleExtensions.h */ = {isa = PBXFileReference; fileEncoding = 4; lastKnownFileType = sourcecode.c.h; path = "NSString+BundleExtensions.h"; sourceTree = "<group>"; };
		7786719C17E3E464001FDB67 /* NSString+BundleExtensions.m */ = {isa = PBXFileReference; fileEncoding = 4; lastKnownFileType = sourcecode.c.objc; path = "NSString+BundleExtensions.m"; sourceTree = "<group>"; };
		7786719D17E3E464001FDB67 /* NSString+ZBUtilites.h */ = {isa = PBXFileReference; fileEncoding = 4; lastKnownFileType = sourcecode.c.h; path = "NSString+ZBUtilites.h"; sourceTree = "<group>"; };
		7786719E17E3E464001FDB67 /* NSString+ZBUtilites.m */ = {isa = PBXFileReference; fileEncoding = 4; lastKnownFileType = sourcecode.c.objc; path = "NSString+ZBUtilites.m"; sourceTree = "<group>"; };
		778671A017E3E464001FDB67 /* README.md */ = {isa = PBXFileReference; fileEncoding = 4; lastKnownFileType = text; path = README.md; sourceTree = "<group>"; };
		778671A117E3E464001FDB67 /* UIColor+Hex.h */ = {isa = PBXFileReference; fileEncoding = 4; lastKnownFileType = sourcecode.c.h; path = "UIColor+Hex.h"; sourceTree = "<group>"; };
		778671A217E3E464001FDB67 /* UIColor+Hex.m */ = {isa = PBXFileReference; fileEncoding = 4; lastKnownFileType = sourcecode.c.objc; path = "UIColor+Hex.m"; sourceTree = "<group>"; };
		778671A317E3E464001FDB67 /* UIColor+Random.h */ = {isa = PBXFileReference; fileEncoding = 4; lastKnownFileType = sourcecode.c.h; path = "UIColor+Random.h"; sourceTree = "<group>"; };
		778671A417E3E464001FDB67 /* UIColor+Random.m */ = {isa = PBXFileReference; fileEncoding = 4; lastKnownFileType = sourcecode.c.objc; path = "UIColor+Random.m"; sourceTree = "<group>"; };
		778671A517E3E464001FDB67 /* UIDevice+ZBUtilites.h */ = {isa = PBXFileReference; fileEncoding = 4; lastKnownFileType = sourcecode.c.h; path = "UIDevice+ZBUtilites.h"; sourceTree = "<group>"; };
		778671A617E3E464001FDB67 /* UIDevice+ZBUtilites.m */ = {isa = PBXFileReference; fileEncoding = 4; lastKnownFileType = sourcecode.c.objc; path = "UIDevice+ZBUtilites.m"; sourceTree = "<group>"; };
		778671A717E3E464001FDB67 /* UIViewController+HUD.h */ = {isa = PBXFileReference; fileEncoding = 4; lastKnownFileType = sourcecode.c.h; path = "UIViewController+HUD.h"; sourceTree = "<group>"; };
		778671A817E3E464001FDB67 /* UIViewController+HUD.m */ = {isa = PBXFileReference; fileEncoding = 4; lastKnownFileType = sourcecode.c.objc; path = "UIViewController+HUD.m"; sourceTree = "<group>"; };
		778671A917E3E464001FDB67 /* ZBTextValidate.h */ = {isa = PBXFileReference; fileEncoding = 4; lastKnownFileType = sourcecode.c.h; path = ZBTextValidate.h; sourceTree = "<group>"; };
		778671AA17E3E464001FDB67 /* ZBTextValidate.m */ = {isa = PBXFileReference; fileEncoding = 4; lastKnownFileType = sourcecode.c.objc; path = ZBTextValidate.m; sourceTree = "<group>"; };
		778671AB17E3E464001FDB67 /* ZBViewController.h */ = {isa = PBXFileReference; fileEncoding = 4; lastKnownFileType = sourcecode.c.h; path = ZBViewController.h; sourceTree = "<group>"; };
		778671AC17E3E464001FDB67 /* ZBViewController.m */ = {isa = PBXFileReference; fileEncoding = 4; lastKnownFileType = sourcecode.c.objc; path = ZBViewController.m; sourceTree = "<group>"; };
		778E7A6317B6414700DC28B7 /* StoreKit.framework */ = {isa = PBXFileReference; lastKnownFileType = wrapper.framework; name = StoreKit.framework; path = System/Library/Frameworks/StoreKit.framework; sourceTree = SDKROOT; };
		778E7A6B17B7520F00DC28B7 /* BRWifiReminderView.h */ = {isa = PBXFileReference; fileEncoding = 4; lastKnownFileType = sourcecode.c.h; path = BRWifiReminderView.h; sourceTree = "<group>"; };
		778E7A6C17B7520F00DC28B7 /* BRWifiReminderView.m */ = {isa = PBXFileReference; fileEncoding = 4; lastKnownFileType = sourcecode.c.objc; path = BRWifiReminderView.m; sourceTree = "<group>"; };
		779423E117BDDDFA00814D07 /* BRNotification.h */ = {isa = PBXFileReference; fileEncoding = 4; lastKnownFileType = sourcecode.c.h; path = BRNotification.h; sourceTree = "<group>"; };
		779423E217BDDDFA00814D07 /* BRNotification.m */ = {isa = PBXFileReference; fileEncoding = 4; lastKnownFileType = sourcecode.c.objc; path = BRNotification.m; sourceTree = "<group>"; };
		779423EA17BF559100814D07 /* BRChapterNameView.h */ = {isa = PBXFileReference; fileEncoding = 4; lastKnownFileType = sourcecode.c.h; path = BRChapterNameView.h; sourceTree = "<group>"; };
		779423EB17BF559100814D07 /* BRChapterNameView.m */ = {isa = PBXFileReference; fileEncoding = 4; lastKnownFileType = sourcecode.c.objc; path = BRChapterNameView.m; sourceTree = "<group>"; };
		779A5A8C17C0536700C865FE /* BookShelfHelpView.h */ = {isa = PBXFileReference; fileEncoding = 4; lastKnownFileType = sourcecode.c.h; path = BookShelfHelpView.h; sourceTree = "<group>"; };
		779A5A8D17C0536700C865FE /* BookShelfHelpView.m */ = {isa = PBXFileReference; fileEncoding = 4; lastKnownFileType = sourcecode.c.objc; path = BookShelfHelpView.m; sourceTree = "<group>"; };
		779C671E174461DB00909D6A /* Book+Setup.h */ = {isa = PBXFileReference; fileEncoding = 4; lastKnownFileType = sourcecode.c.h; path = "Book+Setup.h"; sourceTree = "<group>"; };
		779C671F174461DB00909D6A /* Book+Setup.m */ = {isa = PBXFileReference; fileEncoding = 4; lastKnownFileType = sourcecode.c.objc; path = "Book+Setup.m"; sourceTree = "<group>"; };
		779C6721174461F000909D6A /* Chapter+Setup.h */ = {isa = PBXFileReference; fileEncoding = 4; lastKnownFileType = sourcecode.c.h; path = "Chapter+Setup.h"; sourceTree = "<group>"; };
		779C6722174461F000909D6A /* Chapter+Setup.m */ = {isa = PBXFileReference; fileEncoding = 4; lastKnownFileType = sourcecode.c.objc; path = "Chapter+Setup.m"; sourceTree = "<group>"; };
		779C672A17446DCD00909D6A /* BRContextManager.h */ = {isa = PBXFileReference; fileEncoding = 4; lastKnownFileType = sourcecode.c.h; path = BRContextManager.h; sourceTree = "<group>"; };
		779C672B17446DCD00909D6A /* BRContextManager.m */ = {isa = PBXFileReference; fileEncoding = 4; lastKnownFileType = sourcecode.c.objc; path = BRContextManager.m; sourceTree = "<group>"; };
		77A90A14180CCC130049665B /* NSUserDefaults+BookReader.h */ = {isa = PBXFileReference; fileEncoding = 4; lastKnownFileType = sourcecode.c.h; name = "NSUserDefaults+BookReader.h"; path = "BookReader/NSUserDefaults+BookReader.h"; sourceTree = SOURCE_ROOT; };
		77A90A15180CCC130049665B /* NSUserDefaults+BookReader.m */ = {isa = PBXFileReference; fileEncoding = 4; lastKnownFileType = sourcecode.c.objc; name = "NSUserDefaults+BookReader.m"; path = "BookReader/NSUserDefaults+BookReader.m"; sourceTree = SOURCE_ROOT; };
		77A90A17180CCC2D0049665B /* UITextField+BookReader.h */ = {isa = PBXFileReference; fileEncoding = 4; lastKnownFileType = sourcecode.c.h; name = "UITextField+BookReader.h"; path = "BookReader/UITextField+BookReader.h"; sourceTree = SOURCE_ROOT; };
		77A90A18180CCC2D0049665B /* UITextField+BookReader.m */ = {isa = PBXFileReference; fileEncoding = 4; lastKnownFileType = sourcecode.c.objc; name = "UITextField+BookReader.m"; path = "BookReader/UITextField+BookReader.m"; sourceTree = SOURCE_ROOT; };
		77A90A1A180CCC540049665B /* CommentViewController.h */ = {isa = PBXFileReference; fileEncoding = 4; lastKnownFileType = sourcecode.c.h; name = CommentViewController.h; path = BookReader/CommentViewController.h; sourceTree = SOURCE_ROOT; };
		77A90A1B180CCC540049665B /* CommentViewController.m */ = {isa = PBXFileReference; fileEncoding = 4; lastKnownFileType = sourcecode.c.objc; name = CommentViewController.m; path = BookReader/CommentViewController.m; sourceTree = SOURCE_ROOT; };
		77A90A1D180CCC640049665B /* PopLoginViewController.h */ = {isa = PBXFileReference; fileEncoding = 4; lastKnownFileType = sourcecode.c.h; name = PopLoginViewController.h; path = BookReader/PopLoginViewController.h; sourceTree = SOURCE_ROOT; };
		77A90A1E180CCC640049665B /* PopLoginViewController.m */ = {isa = PBXFileReference; fileEncoding = 4; lastKnownFileType = sourcecode.c.objc; name = PopLoginViewController.m; path = BookReader/PopLoginViewController.m; sourceTree = SOURCE_ROOT; };
		77A90A20180CCC750049665B /* NSString+XXSY.h */ = {isa = PBXFileReference; fileEncoding = 4; lastKnownFileType = sourcecode.c.h; name = "NSString+XXSY.h"; path = "BookReader/NSString+XXSY.h"; sourceTree = SOURCE_ROOT; };
		77A90A21180CCC750049665B /* NSString+XXSY.m */ = {isa = PBXFileReference; fileEncoding = 4; lastKnownFileType = sourcecode.c.objc; name = "NSString+XXSY.m"; path = "BookReader/NSString+XXSY.m"; sourceTree = SOURCE_ROOT; };
		77A90A22180CCC750049665B /* UINavigationController+RotationIn_IOS6.h */ = {isa = PBXFileReference; fileEncoding = 4; lastKnownFileType = sourcecode.c.h; name = "UINavigationController+RotationIn_IOS6.h"; path = "BookReader/UINavigationController+RotationIn_IOS6.h"; sourceTree = SOURCE_ROOT; };
		77A90A23180CCC750049665B /* UINavigationController+RotationIn_IOS6.m */ = {isa = PBXFileReference; fileEncoding = 4; lastKnownFileType = sourcecode.c.objc; name = "UINavigationController+RotationIn_IOS6.m"; path = "BookReader/UINavigationController+RotationIn_IOS6.m"; sourceTree = SOURCE_ROOT; };
		77B378D617AB81B900D8D63D /* Mark.h */ = {isa = PBXFileReference; fileEncoding = 4; lastKnownFileType = sourcecode.c.h; path = Mark.h; sourceTree = "<group>"; };
		77B378D717AB81B900D8D63D /* Mark.m */ = {isa = PBXFileReference; fileEncoding = 4; lastKnownFileType = sourcecode.c.objc; path = Mark.m; sourceTree = "<group>"; };
		77B378DC17AB8E4700D8D63D /* BookDoc */ = {isa = PBXFileReference; lastKnownFileType = folder; path = BookDoc; sourceTree = SOURCE_ROOT; };
		77B378DF17AB8EB400D8D63D /* FTBWKT.ttf */ = {isa = PBXFileReference; lastKnownFileType = file; path = FTBWKT.ttf; sourceTree = "<group>"; };
		77B378E017AB8EB400D8D63D /* FZLTHJW.ttf */ = {isa = PBXFileReference; lastKnownFileType = file; path = FZLTHJW.ttf; sourceTree = "<group>"; };
		77B4B46516B281EB00C5C7A0 /* zh-Hans */ = {isa = PBXFileReference; lastKnownFileType = text.plist.strings; name = "zh-Hans"; path = "zh-Hans.lproj/InfoPlist.strings"; sourceTree = "<group>"; };
		77E2E15717F69A04003FD87A /* Chapter.h */ = {isa = PBXFileReference; fileEncoding = 4; lastKnownFileType = sourcecode.c.h; path = Chapter.h; sourceTree = "<group>"; };
		77E2E15817F69A04003FD87A /* Chapter.m */ = {isa = PBXFileReference; fileEncoding = 4; lastKnownFileType = sourcecode.c.objc; path = Chapter.m; sourceTree = "<group>"; };
		77E2E15A17F69A74003FD87A /* ShelfCategory.h */ = {isa = PBXFileReference; fileEncoding = 4; lastKnownFileType = sourcecode.c.h; path = ShelfCategory.h; sourceTree = "<group>"; };
		77E2E15B17F69A74003FD87A /* ShelfCategory.m */ = {isa = PBXFileReference; fileEncoding = 4; lastKnownFileType = sourcecode.c.objc; path = ShelfCategory.m; sourceTree = "<group>"; };
		77E2E15D17F69AAF003FD87A /* Book.h */ = {isa = PBXFileReference; fileEncoding = 4; lastKnownFileType = sourcecode.c.h; path = Book.h; sourceTree = "<group>"; };
		77E2E15E17F69AAF003FD87A /* Book.m */ = {isa = PBXFileReference; fileEncoding = 4; lastKnownFileType = sourcecode.c.objc; path = Book.m; sourceTree = "<group>"; };
		77E2E16317F6A02F003FD87A /* BRShelfCategoryView.h */ = {isa = PBXFileReference; fileEncoding = 4; lastKnownFileType = sourcecode.c.h; path = BRShelfCategoryView.h; sourceTree = "<group>"; };
		77E2E16417F6A02F003FD87A /* BRShelfCategoryView.m */ = {isa = PBXFileReference; fileEncoding = 4; lastKnownFileType = sourcecode.c.objc; path = BRShelfCategoryView.m; sourceTree = "<group>"; };
		77E2E16617F6CB68003FD87A /* ShelfCategory+Setup.h */ = {isa = PBXFileReference; fileEncoding = 4; lastKnownFileType = sourcecode.c.h; path = "ShelfCategory+Setup.h"; sourceTree = "<group>"; };
		77E2E16717F6CB68003FD87A /* ShelfCategory+Setup.m */ = {isa = PBXFileReference; fileEncoding = 4; lastKnownFileType = sourcecode.c.objc; path = "ShelfCategory+Setup.m"; sourceTree = "<group>"; };
		77F889B7180BE63A00D6A45D /* BRBottomView.h */ = {isa = PBXFileReference; fileEncoding = 4; lastKnownFileType = sourcecode.c.h; path = BRBottomView.h; sourceTree = "<group>"; };
		77F889B8180BE63A00D6A45D /* BRBottomView.m */ = {isa = PBXFileReference; fileEncoding = 4; lastKnownFileType = sourcecode.c.objc; path = BRBottomView.m; sourceTree = "<group>"; };
		77F889BA180C2B3500D6A45D /* BRBookStoreTabBarView.h */ = {isa = PBXFileReference; fileEncoding = 4; lastKnownFileType = sourcecode.c.h; path = BRBookStoreTabBarView.h; sourceTree = "<group>"; };
		77F889BB180C2B3500D6A45D /* BRBookStoreTabBarView.m */ = {isa = PBXFileReference; fileEncoding = 4; lastKnownFileType = sourcecode.c.objc; path = BRBookStoreTabBarView.m; sourceTree = "<group>"; };
		77F889BD180C2B9A00D6A45D /* UIButton+BookReader.h */ = {isa = PBXFileReference; fileEncoding = 4; lastKnownFileType = sourcecode.c.h; name = "UIButton+BookReader.h"; path = "BookReader/UIButton+BookReader.h"; sourceTree = SOURCE_ROOT; };
		77F889BE180C2B9A00D6A45D /* UIButton+BookReader.m */ = {isa = PBXFileReference; fileEncoding = 4; lastKnownFileType = sourcecode.c.objc; name = "UIButton+BookReader.m"; path = "BookReader/UIButton+BookReader.m"; sourceTree = SOURCE_ROOT; };
		77F889BF180C2B9A00D6A45D /* UIColor+BookReader.h */ = {isa = PBXFileReference; fileEncoding = 4; lastKnownFileType = sourcecode.c.h; name = "UIColor+BookReader.h"; path = "BookReader/UIColor+BookReader.h"; sourceTree = SOURCE_ROOT; };
		77F889C0180C2B9A00D6A45D /* UIColor+BookReader.m */ = {isa = PBXFileReference; fileEncoding = 4; lastKnownFileType = sourcecode.c.objc; name = "UIColor+BookReader.m"; path = "BookReader/UIColor+BookReader.m"; sourceTree = SOURCE_ROOT; };
		77F889C1180C2B9A00D6A45D /* UILabel+BookReader.h */ = {isa = PBXFileReference; fileEncoding = 4; lastKnownFileType = sourcecode.c.h; name = "UILabel+BookReader.h"; path = "BookReader/UILabel+BookReader.h"; sourceTree = SOURCE_ROOT; };
		77F889C2180C2B9A00D6A45D /* UILabel+BookReader.m */ = {isa = PBXFileReference; fileEncoding = 4; lastKnownFileType = sourcecode.c.objc; name = "UILabel+BookReader.m"; path = "BookReader/UILabel+BookReader.m"; sourceTree = SOURCE_ROOT; };
		77F889C3180C2B9A00D6A45D /* UIView+BookReader.h */ = {isa = PBXFileReference; fileEncoding = 4; lastKnownFileType = sourcecode.c.h; name = "UIView+BookReader.h"; path = "BookReader/UIView+BookReader.h"; sourceTree = SOURCE_ROOT; };
		77F889C4180C2B9A00D6A45D /* UIView+BookReader.m */ = {isa = PBXFileReference; fileEncoding = 4; lastKnownFileType = sourcecode.c.objc; name = "UIView+BookReader.m"; path = "BookReader/UIView+BookReader.m"; sourceTree = SOURCE_ROOT; };
		77F889C9180C2C0800D6A45D /* BookCell.h */ = {isa = PBXFileReference; fileEncoding = 4; lastKnownFileType = sourcecode.c.h; name = BookCell.h; path = BookReader/BookCell.h; sourceTree = SOURCE_ROOT; };
		77F889CA180C2C0800D6A45D /* BookCell.m */ = {isa = PBXFileReference; fileEncoding = 4; lastKnownFileType = sourcecode.c.objc; name = BookCell.m; path = BookReader/BookCell.m; sourceTree = SOURCE_ROOT; };
		77F889CB180C2C0800D6A45D /* BookDetailsViewController.h */ = {isa = PBXFileReference; fileEncoding = 4; lastKnownFileType = sourcecode.c.h; name = BookDetailsViewController.h; path = BookReader/BookDetailsViewController.h; sourceTree = SOURCE_ROOT; };
		77F889CC180C2C0800D6A45D /* BookDetailsViewController.m */ = {isa = PBXFileReference; fileEncoding = 4; lastKnownFileType = sourcecode.c.objc; name = BookDetailsViewController.m; path = BookReader/BookDetailsViewController.m; sourceTree = SOURCE_ROOT; };
		77F889CD180C2C0800D6A45D /* BookMarkCell.h */ = {isa = PBXFileReference; fileEncoding = 4; lastKnownFileType = sourcecode.c.h; name = BookMarkCell.h; path = BookReader/BookMarkCell.h; sourceTree = SOURCE_ROOT; };
		77F889CE180C2C0800D6A45D /* BookMarkCell.m */ = {isa = PBXFileReference; fileEncoding = 4; lastKnownFileType = sourcecode.c.objc; name = BookMarkCell.m; path = BookReader/BookMarkCell.m; sourceTree = SOURCE_ROOT; };
		77F889CF180C2C0800D6A45D /* BookReadMenuView.h */ = {isa = PBXFileReference; fileEncoding = 4; lastKnownFileType = sourcecode.c.h; name = BookReadMenuView.h; path = BookReader/BookReadMenuView.h; sourceTree = SOURCE_ROOT; };
		77F889D0180C2C0800D6A45D /* BookReadMenuView.m */ = {isa = PBXFileReference; fileEncoding = 4; lastKnownFileType = sourcecode.c.objc; name = BookReadMenuView.m; path = BookReader/BookReadMenuView.m; sourceTree = SOURCE_ROOT; };
		77F889D1180C2C0800D6A45D /* BookShelfViewController.h */ = {isa = PBXFileReference; fileEncoding = 4; lastKnownFileType = sourcecode.c.h; name = BookShelfViewController.h; path = BookReader/BookShelfViewController.h; sourceTree = SOURCE_ROOT; };
		77F889D2180C2C0800D6A45D /* BookShelfViewController.m */ = {isa = PBXFileReference; fileEncoding = 4; lastKnownFileType = sourcecode.c.objc; name = BookShelfViewController.m; path = BookReader/BookShelfViewController.m; sourceTree = SOURCE_ROOT; };
		77F889D3180C2C0800D6A45D /* BRBookCell.h */ = {isa = PBXFileReference; fileEncoding = 4; lastKnownFileType = sourcecode.c.h; name = BRBookCell.h; path = BookReader/BRBookCell.h; sourceTree = SOURCE_ROOT; };
		77F889D4180C2C0800D6A45D /* BRBookCell.m */ = {isa = PBXFileReference; fileEncoding = 4; lastKnownFileType = sourcecode.c.objc; name = BRBookCell.m; path = BookReader/BRBookCell.m; sourceTree = SOURCE_ROOT; };
		77F889D5180C2C0800D6A45D /* BRBookStoreViewController.h */ = {isa = PBXFileReference; fileEncoding = 4; lastKnownFileType = sourcecode.c.h; name = BRBookStoreViewController.h; path = BookReader/BRBookStoreViewController.h; sourceTree = SOURCE_ROOT; };
		77F889D6180C2C0800D6A45D /* BRBookStoreViewController.m */ = {isa = PBXFileReference; fileEncoding = 4; lastKnownFileType = sourcecode.c.objc; name = BRBookStoreViewController.m; path = BookReader/BRBookStoreViewController.m; sourceTree = SOURCE_ROOT; };
		77F889D7180C2C0800D6A45D /* BRBooksView.h */ = {isa = PBXFileReference; fileEncoding = 4; lastKnownFileType = sourcecode.c.h; name = BRBooksView.h; path = BookReader/BRBooksView.h; sourceTree = SOURCE_ROOT; };
		77F889D8180C2C0800D6A45D /* BRBooksView.m */ = {isa = PBXFileReference; fileEncoding = 4; lastKnownFileType = sourcecode.c.objc; name = BRBooksView.m; path = BookReader/BRBooksView.m; sourceTree = SOURCE_ROOT; };
		77F889D9180C2C0800D6A45D /* BRHeaderView.h */ = {isa = PBXFileReference; fileEncoding = 4; lastKnownFileType = sourcecode.c.h; name = BRHeaderView.h; path = BookReader/BRHeaderView.h; sourceTree = SOURCE_ROOT; };
		77F889DA180C2C0800D6A45D /* BRHeaderView.m */ = {isa = PBXFileReference; fileEncoding = 4; lastKnownFileType = sourcecode.c.objc; name = BRHeaderView.m; path = BookReader/BRHeaderView.m; sourceTree = SOURCE_ROOT; };
		77F889DB180C2C0800D6A45D /* BRNotificationView.h */ = {isa = PBXFileReference; fileEncoding = 4; lastKnownFileType = sourcecode.c.h; name = BRNotificationView.h; path = BookReader/BRNotificationView.h; sourceTree = SOURCE_ROOT; };
		77F889DC180C2C0800D6A45D /* BRNotificationView.m */ = {isa = PBXFileReference; fileEncoding = 4; lastKnownFileType = sourcecode.c.objc; name = BRNotificationView.m; path = BookReader/BRNotificationView.m; sourceTree = SOURCE_ROOT; };
		77F889DD180C2C0800D6A45D /* BRViewController.h */ = {isa = PBXFileReference; fileEncoding = 4; lastKnownFileType = sourcecode.c.h; name = BRViewController.h; path = BookReader/BRViewController.h; sourceTree = SOURCE_ROOT; };
		77F889DE180C2C0800D6A45D /* BRViewController.m */ = {isa = PBXFileReference; fileEncoding = 4; lastKnownFileType = sourcecode.c.objc; name = BRViewController.m; path = BookReader/BRViewController.m; sourceTree = SOURCE_ROOT; };
		77F889DF180C2C0800D6A45D /* CategoryDetailsViewController.h */ = {isa = PBXFileReference; fileEncoding = 4; lastKnownFileType = sourcecode.c.h; name = CategoryDetailsViewController.h; path = BookReader/CategoryDetailsViewController.h; sourceTree = SOURCE_ROOT; };
		77F889E0180C2C0800D6A45D /* CategoryDetailsViewController.m */ = {isa = PBXFileReference; fileEncoding = 4; lastKnownFileType = sourcecode.c.objc; name = CategoryDetailsViewController.m; path = BookReader/CategoryDetailsViewController.m; sourceTree = SOURCE_ROOT; };
		77F889E1180C2C0800D6A45D /* ChapterCell.h */ = {isa = PBXFileReference; fileEncoding = 4; lastKnownFileType = sourcecode.c.h; name = ChapterCell.h; path = BookReader/ChapterCell.h; sourceTree = SOURCE_ROOT; };
		77F889E2180C2C0800D6A45D /* ChapterCell.m */ = {isa = PBXFileReference; fileEncoding = 4; lastKnownFileType = sourcecode.c.objc; name = ChapterCell.m; path = BookReader/ChapterCell.m; sourceTree = SOURCE_ROOT; };
		77F889E3180C2C0800D6A45D /* ChaptersViewController.h */ = {isa = PBXFileReference; fileEncoding = 4; lastKnownFileType = sourcecode.c.h; name = ChaptersViewController.h; path = BookReader/ChaptersViewController.h; sourceTree = SOURCE_ROOT; };
		77F889E4180C2C0800D6A45D /* ChaptersViewController.m */ = {isa = PBXFileReference; fileEncoding = 4; lastKnownFileType = sourcecode.c.objc; name = ChaptersViewController.m; path = BookReader/ChaptersViewController.m; sourceTree = SOURCE_ROOT; };
		77F889E5180C2C0800D6A45D /* CommentCell.h */ = {isa = PBXFileReference; fileEncoding = 4; lastKnownFileType = sourcecode.c.h; name = CommentCell.h; path = BookReader/CommentCell.h; sourceTree = SOURCE_ROOT; };
		77F889E6180C2C0800D6A45D /* CommentCell.m */ = {isa = PBXFileReference; fileEncoding = 4; lastKnownFileType = sourcecode.c.objc; name = CommentCell.m; path = BookReader/CommentCell.m; sourceTree = SOURCE_ROOT; };
		77F889E7180C2C0800D6A45D /* CoreTextView.h */ = {isa = PBXFileReference; fileEncoding = 4; lastKnownFileType = sourcecode.c.h; name = CoreTextView.h; path = BookReader/CoreTextView.h; sourceTree = SOURCE_ROOT; };
		77F889E8180C2C0800D6A45D /* CoreTextView.m */ = {isa = PBXFileReference; fileEncoding = 4; lastKnownFileType = sourcecode.c.objc; name = CoreTextView.m; path = BookReader/CoreTextView.m; sourceTree = SOURCE_ROOT; };
		77F889E9180C2C0800D6A45D /* CoreTextViewController.h */ = {isa = PBXFileReference; fileEncoding = 4; lastKnownFileType = sourcecode.c.h; name = CoreTextViewController.h; path = BookReader/CoreTextViewController.h; sourceTree = SOURCE_ROOT; };
		77F889EA180C2C0800D6A45D /* CoreTextViewController.m */ = {isa = PBXFileReference; fileEncoding = 4; lastKnownFileType = sourcecode.c.objc; name = CoreTextViewController.m; path = BookReader/CoreTextViewController.m; sourceTree = SOURCE_ROOT; };
		77F889EB180C2C0800D6A45D /* GiftCell.h */ = {isa = PBXFileReference; fileEncoding = 4; lastKnownFileType = sourcecode.c.h; name = GiftCell.h; path = BookReader/GiftCell.h; sourceTree = SOURCE_ROOT; };
		77F889EC180C2C0800D6A45D /* GiftCell.m */ = {isa = PBXFileReference; fileEncoding = 4; lastKnownFileType = sourcecode.c.objc; name = GiftCell.m; path = BookReader/GiftCell.m; sourceTree = SOURCE_ROOT; };
		77F889ED180C2C0800D6A45D /* GiftViewController.h */ = {isa = PBXFileReference; fileEncoding = 4; lastKnownFileType = sourcecode.c.h; name = GiftViewController.h; path = BookReader/GiftViewController.h; sourceTree = SOURCE_ROOT; };
		77F889EE180C2C0800D6A45D /* GiftViewController.m */ = {isa = PBXFileReference; fileEncoding = 4; lastKnownFileType = sourcecode.c.objc; name = GiftViewController.m; path = BookReader/GiftViewController.m; sourceTree = SOURCE_ROOT; };
		77F889EF180C2C0800D6A45D /* MemberViewController.h */ = {isa = PBXFileReference; fileEncoding = 4; lastKnownFileType = sourcecode.c.h; name = MemberViewController.h; path = BookReader/MemberViewController.h; sourceTree = SOURCE_ROOT; };
		77F889F0180C2C0800D6A45D /* MemberViewController.m */ = {isa = PBXFileReference; fileEncoding = 4; lastKnownFileType = sourcecode.c.objc; name = MemberViewController.m; path = BookReader/MemberViewController.m; sourceTree = SOURCE_ROOT; };
		77F889F1180C2C0800D6A45D /* PasswordViewController.h */ = {isa = PBXFileReference; fileEncoding = 4; lastKnownFileType = sourcecode.c.h; name = PasswordViewController.h; path = BookReader/PasswordViewController.h; sourceTree = SOURCE_ROOT; };
		77F889F2180C2C0800D6A45D /* PasswordViewController.m */ = {isa = PBXFileReference; fileEncoding = 4; lastKnownFileType = sourcecode.c.objc; name = PasswordViewController.m; path = BookReader/PasswordViewController.m; sourceTree = SOURCE_ROOT; };
		77F889F3180C2C0800D6A45D /* ReadHelpView.h */ = {isa = PBXFileReference; fileEncoding = 4; lastKnownFileType = sourcecode.c.h; name = ReadHelpView.h; path = BookReader/ReadHelpView.h; sourceTree = SOURCE_ROOT; };
		77F889F4180C2C0800D6A45D /* ReadHelpView.m */ = {isa = PBXFileReference; fileEncoding = 4; lastKnownFileType = sourcecode.c.objc; name = ReadHelpView.m; path = BookReader/ReadHelpView.m; sourceTree = SOURCE_ROOT; };
		77F889F5180C2C0800D6A45D /* ReadStatusView.h */ = {isa = PBXFileReference; fileEncoding = 4; lastKnownFileType = sourcecode.c.h; name = ReadStatusView.h; path = BookReader/ReadStatusView.h; sourceTree = SOURCE_ROOT; };
		77F889F6180C2C0800D6A45D /* ReadStatusView.m */ = {isa = PBXFileReference; fileEncoding = 4; lastKnownFileType = sourcecode.c.objc; name = ReadStatusView.m; path = BookReader/ReadStatusView.m; sourceTree = SOURCE_ROOT; };
		77F889F7180C2C0800D6A45D /* SignInViewController.h */ = {isa = PBXFileReference; fileEncoding = 4; lastKnownFileType = sourcecode.c.h; name = SignInViewController.h; path = BookReader/SignInViewController.h; sourceTree = SOURCE_ROOT; };
		77F889F8180C2C0800D6A45D /* SignInViewController.m */ = {isa = PBXFileReference; fileEncoding = 4; lastKnownFileType = sourcecode.c.objc; name = SignInViewController.m; path = BookReader/SignInViewController.m; sourceTree = SOURCE_ROOT; };
		77F889F9180C2C0800D6A45D /* SignUpViewController.h */ = {isa = PBXFileReference; fileEncoding = 4; lastKnownFileType = sourcecode.c.h; name = SignUpViewController.h; path = BookReader/SignUpViewController.h; sourceTree = SOURCE_ROOT; };
		77F889FA180C2C0800D6A45D /* SignUpViewController.m */ = {isa = PBXFileReference; fileEncoding = 4; lastKnownFileType = sourcecode.c.objc; name = SignUpViewController.m; path = BookReader/SignUpViewController.m; sourceTree = SOURCE_ROOT; };
		77F889FB180C2C0800D6A45D /* WebViewController.h */ = {isa = PBXFileReference; fileEncoding = 4; lastKnownFileType = sourcecode.c.h; name = WebViewController.h; path = BookReader/WebViewController.h; sourceTree = SOURCE_ROOT; };
		77F889FC180C2C0800D6A45D /* WebViewController.m */ = {isa = PBXFileReference; fileEncoding = 4; lastKnownFileType = sourcecode.c.objc; name = WebViewController.m; path = BookReader/WebViewController.m; sourceTree = SOURCE_ROOT; };
		8B0371C116AD219100DFE776 /* CFNetwork.framework */ = {isa = PBXFileReference; lastKnownFileType = wrapper.framework; name = CFNetwork.framework; path = System/Library/Frameworks/CFNetwork.framework; sourceTree = SDKROOT; };
		8B22BC54167EBBA900A2B316 /* libz.dylib */ = {isa = PBXFileReference; lastKnownFileType = "compiled.mach-o.dylib"; name = libz.dylib; path = usr/lib/libz.dylib; sourceTree = SDKROOT; };
		8B9F3CA416A40B8F00DBC77D /* libsqlite3.dylib */ = {isa = PBXFileReference; lastKnownFileType = "compiled.mach-o.dylib"; name = libsqlite3.dylib; path = usr/lib/libsqlite3.dylib; sourceTree = SDKROOT; };
		8BDB0AB1165E03BB008F328A /* BookReader.app */ = {isa = PBXFileReference; explicitFileType = wrapper.application; includeInIndex = 0; path = BookReader.app; sourceTree = BUILT_PRODUCTS_DIR; };
		8BDB0AB5165E03BB008F328A /* UIKit.framework */ = {isa = PBXFileReference; lastKnownFileType = wrapper.framework; name = UIKit.framework; path = System/Library/Frameworks/UIKit.framework; sourceTree = SDKROOT; };
		8BDB0AB7165E03BB008F328A /* Foundation.framework */ = {isa = PBXFileReference; lastKnownFileType = wrapper.framework; name = Foundation.framework; path = System/Library/Frameworks/Foundation.framework; sourceTree = SDKROOT; };
		8BDB0AB9165E03BB008F328A /* CoreGraphics.framework */ = {isa = PBXFileReference; lastKnownFileType = wrapper.framework; name = CoreGraphics.framework; path = System/Library/Frameworks/CoreGraphics.framework; sourceTree = SDKROOT; };
		8BDB0ABD165E03BB008F328A /* BookReader-Info.plist */ = {isa = PBXFileReference; lastKnownFileType = text.plist.xml; path = "BookReader-Info.plist"; sourceTree = "<group>"; };
		8BDB0ABF165E03BB008F328A /* en */ = {isa = PBXFileReference; lastKnownFileType = text.plist.strings; name = en; path = en.lproj/InfoPlist.strings; sourceTree = "<group>"; };
		8BDB0AC1165E03BB008F328A /* main.m */ = {isa = PBXFileReference; lastKnownFileType = sourcecode.c.objc; path = main.m; sourceTree = "<group>"; };
		8BDB0AC3165E03BB008F328A /* BookReader-Prefix.pch */ = {isa = PBXFileReference; lastKnownFileType = sourcecode.c.h; path = "BookReader-Prefix.pch"; sourceTree = "<group>"; };
		8BDB0AC4165E03BB008F328A /* AppDelegate.h */ = {isa = PBXFileReference; lastKnownFileType = sourcecode.c.h; path = AppDelegate.h; sourceTree = "<group>"; };
		8BDB0AC5165E03BB008F328A /* AppDelegate.m */ = {isa = PBXFileReference; lastKnownFileType = sourcecode.c.objc; path = AppDelegate.m; sourceTree = "<group>"; };
		8BDB0BD3165E0638008F328A /* CoreText.framework */ = {isa = PBXFileReference; lastKnownFileType = wrapper.framework; name = CoreText.framework; path = System/Library/Frameworks/CoreText.framework; sourceTree = SDKROOT; };
		8BDB0BD9165E065B008F328A /* QuartzCore.framework */ = {isa = PBXFileReference; lastKnownFileType = wrapper.framework; name = QuartzCore.framework; path = System/Library/Frameworks/QuartzCore.framework; sourceTree = SDKROOT; };
		8BF7472D166DF0D90079E464 /* Security.framework */ = {isa = PBXFileReference; lastKnownFileType = wrapper.framework; name = Security.framework; path = System/Library/Frameworks/Security.framework; sourceTree = SDKROOT; };
		8BF7472F166DF0DF0079E464 /* MessageUI.framework */ = {isa = PBXFileReference; lastKnownFileType = wrapper.framework; name = MessageUI.framework; path = System/Library/Frameworks/MessageUI.framework; sourceTree = SDKROOT; };
/* End PBXFileReference section */

/* Begin PBXFrameworksBuildPhase section */
		8BDB0AAE165E03BB008F328A /* Frameworks */ = {
			isa = PBXFrameworksBuildPhase;
			buildActionMask = 2147483647;
			files = (
				7780154E17622205005296DD /* MobileCoreServices.framework in Frameworks */,
				778E7A6417B6414900DC28B7 /* StoreKit.framework in Frameworks */,
				778015511762224A005296DD /* SystemConfiguration.framework in Frameworks */,
				8BF74730166DF0DF0079E464 /* MessageUI.framework in Frameworks */,
				188FE67416FB003F009561CB /* CoreData.framework in Frameworks */,
				8B0371C216AD219100DFE776 /* CFNetwork.framework in Frameworks */,
				8B9F3CA516A40B8F00DBC77D /* libsqlite3.dylib in Frameworks */,
				8B22BC55167EBBA900A2B316 /* libz.dylib in Frameworks */,
				8BF7472E166DF0D90079E464 /* Security.framework in Frameworks */,
				8BDB0BDA165E065B008F328A /* QuartzCore.framework in Frameworks */,
				8BDB0BD4165E0638008F328A /* CoreText.framework in Frameworks */,
				8BDB0AB6165E03BB008F328A /* UIKit.framework in Frameworks */,
				8BDB0AB8165E03BB008F328A /* Foundation.framework in Frameworks */,
				8BDB0ABA165E03BB008F328A /* CoreGraphics.framework in Frameworks */,
				18FD246617B37A8000D11CCA /* libMobClickLibrary.a in Frameworks */,
				18BB11C417CA004500736BB4 /* libUMFeedback.a in Frameworks */,
				58F247A5F54B45CE9CE8F721 /* libPods.a in Frameworks */,
			);
			runOnlyForDeploymentPostprocessing = 0;
		};
/* End PBXFrameworksBuildPhase section */

/* Begin PBXGroup section */
		1888A36916FBE4150046DA4C /* Models */ = {
			isa = PBXGroup;
			children = (
				7784F34317FBFDB500C666DF /* ModelManaged.xcdatamodeld */,
				779423E117BDDDFA00814D07 /* BRNotification.h */,
				779423E217BDDDFA00814D07 /* BRNotification.m */,
				779C672A17446DCD00909D6A /* BRContextManager.h */,
				779C672B17446DCD00909D6A /* BRContextManager.m */,
				18ABAF2D1724FAFB00ED02C6 /* BRPay.h */,
				18ABAF2E1724FAFC00ED02C6 /* BRPay.m */,
				18089E49171CFA7A00BCB50E /* BRComment.h */,
				18089E4A171CFA7A00BCB50E /* BRComment.m */,
				18ABAF301724FB1D00ED02C6 /* BRUser.h */,
				18ABAF311724FB1D00ED02C6 /* BRUser.m */,
				18A7FF40176087C900F97099 /* Book+Local.h */,
				18A7FF41176087C900F97099 /* Book+Local.m */,
				779C671E174461DB00909D6A /* Book+Setup.h */,
				779C671F174461DB00909D6A /* Book+Setup.m */,
				77E2E16617F6CB68003FD87A /* ShelfCategory+Setup.h */,
				77E2E16717F6CB68003FD87A /* ShelfCategory+Setup.m */,
				779C6721174461F000909D6A /* Chapter+Setup.h */,
				779C6722174461F000909D6A /* Chapter+Setup.m */,
				77E2E15D17F69AAF003FD87A /* Book.h */,
				77E2E15E17F69AAF003FD87A /* Book.m */,
				77E2E15A17F69A74003FD87A /* ShelfCategory.h */,
				77E2E15B17F69A74003FD87A /* ShelfCategory.m */,
				77E2E15717F69A04003FD87A /* Chapter.h */,
				77E2E15817F69A04003FD87A /* Chapter.m */,
				77B378D617AB81B900D8D63D /* Mark.h */,
				77B378D717AB81B900D8D63D /* Mark.m */,
			);
			name = Models;
			sourceTree = "<group>";
		};
		18FD246317B37A8000D11CCA /* UMengSDK */ = {
			isa = PBXGroup;
			children = (
				18BB11C117CA004500736BB4 /* libUMFeedback.a */,
				18BB11C217CA004500736BB4 /* umFeedback.bundle */,
				18BB11C317CA004500736BB4 /* UMFeedback.h */,
				18FD246417B37A8000D11CCA /* libMobClickLibrary.a */,
				18FD246517B37A8000D11CCA /* MobClick.h */,
			);
			path = UMengSDK;
			sourceTree = "<group>";
		};
		770D432117191AC3000612D1 /* Categories */ = {
			isa = PBXGroup;
			children = (
				77A90A20180CCC750049665B /* NSString+XXSY.h */,
				77A90A21180CCC750049665B /* NSString+XXSY.m */,
				77A90A22180CCC750049665B /* UINavigationController+RotationIn_IOS6.h */,
				77A90A23180CCC750049665B /* UINavigationController+RotationIn_IOS6.m */,
				77A90A17180CCC2D0049665B /* UITextField+BookReader.h */,
				77A90A18180CCC2D0049665B /* UITextField+BookReader.m */,
				77A90A14180CCC130049665B /* NSUserDefaults+BookReader.h */,
				77A90A15180CCC130049665B /* NSUserDefaults+BookReader.m */,
				77F889BD180C2B9A00D6A45D /* UIButton+BookReader.h */,
				77F889BE180C2B9A00D6A45D /* UIButton+BookReader.m */,
				77F889BF180C2B9A00D6A45D /* UIColor+BookReader.h */,
				77F889C0180C2B9A00D6A45D /* UIColor+BookReader.m */,
				77F889C1180C2B9A00D6A45D /* UILabel+BookReader.h */,
				77F889C2180C2B9A00D6A45D /* UILabel+BookReader.m */,
				77F889C3180C2B9A00D6A45D /* UIView+BookReader.h */,
				77F889C4180C2B9A00D6A45D /* UIView+BookReader.m */,
			);
			name = Categories;
			path = Manager;
			sourceTree = "<group>";
		};
		7786717317E3E3DC001FDB67 /* ZBUtilities */ = {
			isa = PBXGroup;
			children = (
				7786719717E3E464001FDB67 /* MBProgressHUD+Appearance.h */,
				7786719817E3E464001FDB67 /* MBProgressHUD+Appearance.m */,
				7786719B17E3E464001FDB67 /* NSString+BundleExtensions.h */,
				7786719C17E3E464001FDB67 /* NSString+BundleExtensions.m */,
				7786719D17E3E464001FDB67 /* NSString+ZBUtilites.h */,
				7786719E17E3E464001FDB67 /* NSString+ZBUtilites.m */,
				778671A017E3E464001FDB67 /* README.md */,
				778671A117E3E464001FDB67 /* UIColor+Hex.h */,
				778671A217E3E464001FDB67 /* UIColor+Hex.m */,
				778671A317E3E464001FDB67 /* UIColor+Random.h */,
				778671A417E3E464001FDB67 /* UIColor+Random.m */,
				778671A517E3E464001FDB67 /* UIDevice+ZBUtilites.h */,
				778671A617E3E464001FDB67 /* UIDevice+ZBUtilites.m */,
				778671A717E3E464001FDB67 /* UIViewController+HUD.h */,
				778671A817E3E464001FDB67 /* UIViewController+HUD.m */,
				778671A917E3E464001FDB67 /* ZBTextValidate.h */,
				778671AA17E3E464001FDB67 /* ZBTextValidate.m */,
				778671AB17E3E464001FDB67 /* ZBViewController.h */,
				778671AC17E3E464001FDB67 /* ZBViewController.m */,
			);
			path = ZBUtilities;
			sourceTree = "<group>";
		};
		77A1DB951730DF9C002BE306 /* Libraries */ = {
			isa = PBXGroup;
			children = (
				7786717317E3E3DC001FDB67 /* ZBUtilities */,
				18FD246317B37A8000D11CCA /* UMengSDK */,
			);
			name = Libraries;
			path = ../Libraries;
			sourceTree = "<group>";
		};
		77B378DE17AB8EB400D8D63D /* Fonts */ = {
			isa = PBXGroup;
			children = (
				77B378DF17AB8EB400D8D63D /* FTBWKT.ttf */,
				77B378E017AB8EB400D8D63D /* FZLTHJW.ttf */,
			);
			path = Fonts;
			sourceTree = SOURCE_ROOT;
		};
		77F2956517A3C3F000D10A31 /* Views */ = {
			isa = PBXGroup;
			children = (
				77F889B7180BE63A00D6A45D /* BRBottomView.h */,
				77F889B8180BE63A00D6A45D /* BRBottomView.m */,
				77E2E16317F6A02F003FD87A /* BRShelfCategoryView.h */,
				77E2E16417F6A02F003FD87A /* BRShelfCategoryView.m */,
				778E7A6B17B7520F00DC28B7 /* BRWifiReminderView.h */,
				778E7A6C17B7520F00DC28B7 /* BRWifiReminderView.m */,
				779423EA17BF559100814D07 /* BRChapterNameView.h */,
				779423EB17BF559100814D07 /* BRChapterNameView.m */,
				77F889E7180C2C0800D6A45D /* CoreTextView.h */,
				77F889E8180C2C0800D6A45D /* CoreTextView.m */,
				77F889C9180C2C0800D6A45D /* BookCell.h */,
				77F889CA180C2C0800D6A45D /* BookCell.m */,
				77F889F3180C2C0800D6A45D /* ReadHelpView.h */,
				77F889F4180C2C0800D6A45D /* ReadHelpView.m */,
				77F889F5180C2C0800D6A45D /* ReadStatusView.h */,
				77F889F6180C2C0800D6A45D /* ReadStatusView.m */,
				77F889E5180C2C0800D6A45D /* CommentCell.h */,
				77F889E6180C2C0800D6A45D /* CommentCell.m */,
				77F889E1180C2C0800D6A45D /* ChapterCell.h */,
				77F889E2180C2C0800D6A45D /* ChapterCell.m */,
				77F889CF180C2C0800D6A45D /* BookReadMenuView.h */,
				77F889D0180C2C0800D6A45D /* BookReadMenuView.m */,
				77F889DB180C2C0800D6A45D /* BRNotificationView.h */,
				77F889DC180C2C0800D6A45D /* BRNotificationView.m */,
				77F889D9180C2C0800D6A45D /* BRHeaderView.h */,
				77F889DA180C2C0800D6A45D /* BRHeaderView.m */,
				77F889D7180C2C0800D6A45D /* BRBooksView.h */,
				77F889D8180C2C0800D6A45D /* BRBooksView.m */,
				77F889EB180C2C0800D6A45D /* GiftCell.h */,
				77F889EC180C2C0800D6A45D /* GiftCell.m */,
				77F889D3180C2C0800D6A45D /* BRBookCell.h */,
				77F889D4180C2C0800D6A45D /* BRBookCell.m */,
				77F889CD180C2C0800D6A45D /* BookMarkCell.h */,
				77F889CE180C2C0800D6A45D /* BookMarkCell.m */,
				18B39BAA17B067DF0092AC0A /* GiftButton.h */,
				18B39BAB17B067DF0092AC0A /* GiftButton.m */,
				779A5A8C17C0536700C865FE /* BookShelfHelpView.h */,
				779A5A8D17C0536700C865FE /* BookShelfHelpView.m */,
				77F889BA180C2B3500D6A45D /* BRBookStoreTabBarView.h */,
				77F889BB180C2B3500D6A45D /* BRBookStoreTabBarView.m */,
			);
			name = Views;
			sourceTree = "<group>";
		};
		8BDB0AA6165E03BB008F328A = {
			isa = PBXGroup;
			children = (
				8BDB0ABB165E03BB008F328A /* BookReader */,
				8BDB0AB4165E03BB008F328A /* Frameworks */,
				8BDB0AB2165E03BB008F328A /* Products */,
				71420828D2A64A2E969CD3BD /* Pods.xcconfig */,
			);
			sourceTree = "<group>";
		};
		8BDB0AB2165E03BB008F328A /* Products */ = {
			isa = PBXGroup;
			children = (
				8BDB0AB1165E03BB008F328A /* BookReader.app */,
			);
			name = Products;
			sourceTree = "<group>";
		};
		8BDB0AB4165E03BB008F328A /* Frameworks */ = {
			isa = PBXGroup;
			children = (
				778E7A6317B6414700DC28B7 /* StoreKit.framework */,
				7780154F1762222B005296DD /* SystemConfiguration.framework */,
				7780154D17622204005296DD /* MobileCoreServices.framework */,
				188FE67316FB003F009561CB /* CoreData.framework */,
				8B0371C116AD219100DFE776 /* CFNetwork.framework */,
				8B9F3CA416A40B8F00DBC77D /* libsqlite3.dylib */,
				8B22BC54167EBBA900A2B316 /* libz.dylib */,
				8BF7472F166DF0DF0079E464 /* MessageUI.framework */,
				8BF7472D166DF0D90079E464 /* Security.framework */,
				8BDB0BD9165E065B008F328A /* QuartzCore.framework */,
				8BDB0BD3165E0638008F328A /* CoreText.framework */,
				8BDB0AB5165E03BB008F328A /* UIKit.framework */,
				8BDB0AB7165E03BB008F328A /* Foundation.framework */,
				8BDB0AB9165E03BB008F328A /* CoreGraphics.framework */,
				40F07666AF894B50A100C9D3 /* libPods.a */,
			);
			name = Frameworks;
			sourceTree = "<group>";
		};
		8BDB0ABB165E03BB008F328A /* BookReader */ = {
			isa = PBXGroup;
			children = (
				8BDB0AC4165E03BB008F328A /* AppDelegate.h */,
				8BDB0AC5165E03BB008F328A /* AppDelegate.m */,
				1888A3A316FFE8420046DA4C /* ServiceManager.h */,
				1888A3A416FFE8420046DA4C /* ServiceManager.m */,
				77F2956517A3C3F000D10A31 /* Views */,
				8BDB0AD2165E04F1008F328A /* Controllers */,
				770D432117191AC3000612D1 /* Categories */,
				1888A36916FBE4150046DA4C /* Models */,
				77A1DB951730DF9C002BE306 /* Libraries */,
				7784F34717FC018000C666DF /* Images.xcassets */,
				8BDB0ABC165E03BB008F328A /* Supporting Files */,
			);
			path = BookReader;
			sourceTree = "<group>";
		};
		8BDB0ABC165E03BB008F328A /* Supporting Files */ = {
			isa = PBXGroup;
			children = (
				77B378DE17AB8EB400D8D63D /* Fonts */,
				77B378DC17AB8E4700D8D63D /* BookDoc */,
				8BDB0ABD165E03BB008F328A /* BookReader-Info.plist */,
				8BDB0ABE165E03BB008F328A /* InfoPlist.strings */,
				188FE62516F84510009561CB /* Localizable.strings */,
				8BDB0AC1165E03BB008F328A /* main.m */,
				8BDB0AC3165E03BB008F328A /* BookReader-Prefix.pch */,
			);
			name = "Supporting Files";
			sourceTree = "<group>";
		};
		8BDB0AD2165E04F1008F328A /* Controllers */ = {
			isa = PBXGroup;
			children = (
				77A90A1D180CCC640049665B /* PopLoginViewController.h */,
				77A90A1E180CCC640049665B /* PopLoginViewController.m */,
				77A90A1A180CCC540049665B /* CommentViewController.h */,
				77A90A1B180CCC540049665B /* CommentViewController.m */,
				77F889DD180C2C0800D6A45D /* BRViewController.h */,
				77F889DE180C2C0800D6A45D /* BRViewController.m */,
				77F889D1180C2C0800D6A45D /* BookShelfViewController.h */,
				77F889D2180C2C0800D6A45D /* BookShelfViewController.m */,
				77F889CB180C2C0800D6A45D /* BookDetailsViewController.h */,
				77F889CC180C2C0800D6A45D /* BookDetailsViewController.m */,
				77F889D5180C2C0800D6A45D /* BRBookStoreViewController.h */,
				77F889D6180C2C0800D6A45D /* BRBookStoreViewController.m */,
				77F889DF180C2C0800D6A45D /* CategoryDetailsViewController.h */,
				77F889E0180C2C0800D6A45D /* CategoryDetailsViewController.m */,
				77F889E3180C2C0800D6A45D /* ChaptersViewController.h */,
				77F889E4180C2C0800D6A45D /* ChaptersViewController.m */,
				77F889E9180C2C0800D6A45D /* CoreTextViewController.h */,
				77F889EA180C2C0800D6A45D /* CoreTextViewController.m */,
				77F889ED180C2C0800D6A45D /* GiftViewController.h */,
				77F889EE180C2C0800D6A45D /* GiftViewController.m */,
				77F889EF180C2C0800D6A45D /* MemberViewController.h */,
				77F889F0180C2C0800D6A45D /* MemberViewController.m */,
				77F889F1180C2C0800D6A45D /* PasswordViewController.h */,
				77F889F2180C2C0800D6A45D /* PasswordViewController.m */,
				77F889F7180C2C0800D6A45D /* SignInViewController.h */,
				77F889F8180C2C0800D6A45D /* SignInViewController.m */,
				77F889F9180C2C0800D6A45D /* SignUpViewController.h */,
				77F889FA180C2C0800D6A45D /* SignUpViewController.m */,
				77F889FB180C2C0800D6A45D /* WebViewController.h */,
				77F889FC180C2C0800D6A45D /* WebViewController.m */,
			);
			name = Controllers;
			path = UI;
			sourceTree = "<group>";
		};
/* End PBXGroup section */

/* Begin PBXNativeTarget section */
		8BDB0AB0165E03BB008F328A /* BookReader */ = {
			isa = PBXNativeTarget;
			buildConfigurationList = 8BDB0ACF165E03BB008F328A /* Build configuration list for PBXNativeTarget "BookReader" */;
			buildPhases = (
				F2C573A363DD491AA0A4E4DA /* Check Pods Manifest.lock */,
				8BDB0AAD165E03BB008F328A /* Sources */,
				8BDB0AAE165E03BB008F328A /* Frameworks */,
				8BDB0AAF165E03BB008F328A /* Resources */,
				77B378DA17AB858A00D8D63D /* Mark Unfinished keywords */,
				72AD213E8ACA4488BF5256F8 /* Copy Pods Resources */,
			);
			buildRules = (
			);
			dependencies = (
				7778269717225830005BB0B6 /* PBXTargetDependency */,
			);
			name = BookReader;
			productName = BookReader;
			productReference = 8BDB0AB1165E03BB008F328A /* BookReader.app */;
			productType = "com.apple.product-type.application";
		};
/* End PBXNativeTarget section */

/* Begin PBXProject section */
		8BDB0AA8165E03BB008F328A /* Project object */ = {
			isa = PBXProject;
			attributes = {
				LastUpgradeCheck = 0450;
				ORGANIZATIONNAME = ZoomBin;
				TargetAttributes = {
					8BDB0AB0165E03BB008F328A = {
						DevelopmentTeam = 7Y7NSKD85B;
					};
				};
			};
			buildConfigurationList = 8BDB0AAB165E03BB008F328A /* Build configuration list for PBXProject "BookReader" */;
			compatibilityVersion = "Xcode 3.2";
			developmentRegion = English;
			hasScannedForEncodings = 0;
			knownRegions = (
				en,
				"zh-Hans",
				English,
			);
			mainGroup = 8BDB0AA6165E03BB008F328A;
			productRefGroup = 8BDB0AB2165E03BB008F328A /* Products */;
			projectDirPath = "";
			projectRoot = "";
			targets = (
				8BDB0AB0165E03BB008F328A /* BookReader */,
				777826911722477A005BB0B6 /* GenGitVersion */,
			);
		};
/* End PBXProject section */

/* Begin PBXResourcesBuildPhase section */
		8BDB0AAF165E03BB008F328A /* Resources */ = {
			isa = PBXResourcesBuildPhase;
			buildActionMask = 2147483647;
			files = (
				8BDB0AC0165E03BB008F328A /* InfoPlist.strings in Resources */,
				188FE62716F84510009561CB /* Localizable.strings in Resources */,
				7784F34817FC018000C666DF /* Images.xcassets in Resources */,
				778671B417E3E464001FDB67 /* README.md in Resources */,
				77B378DD17AB8E4700D8D63D /* BookDoc in Resources */,
				77B378E117AB8EB400D8D63D /* FTBWKT.ttf in Resources */,
				77B378E217AB8EB400D8D63D /* FZLTHJW.ttf in Resources */,
				18BB11C517CA004500736BB4 /* umFeedback.bundle in Resources */,
			);
			runOnlyForDeploymentPostprocessing = 0;
		};
/* End PBXResourcesBuildPhase section */

/* Begin PBXShellScriptBuildPhase section */
		72AD213E8ACA4488BF5256F8 /* Copy Pods Resources */ = {
			isa = PBXShellScriptBuildPhase;
			buildActionMask = 2147483647;
			files = (
			);
			inputPaths = (
			);
			name = "Copy Pods Resources";
			outputPaths = (
			);
			runOnlyForDeploymentPostprocessing = 0;
			shellPath = /bin/sh;
			shellScript = "\"${SRCROOT}/Pods/Pods-resources.sh\"\n";
			showEnvVarsInLog = 0;
		};
		7778269517224790005BB0B6 /* ShellScript */ = {
			isa = PBXShellScriptBuildPhase;
			buildActionMask = 2147483647;
			files = (
			);
			inputPaths = (
			);
			outputPaths = (
			);
			runOnlyForDeploymentPostprocessing = 0;
			shellPath = /bin/sh;
			shellScript = "version=`git describe`\nversionNumLong=`echo $version | sed 's/\\-\\([0-9]*\\)\\-g\\([a-z0-9]*\\)/.\\1/'`\nversionNum=`echo $version | sed 's/.*\\-g\\([a-z0-9]*\\)/\\1/'`\necho \"#define GIT_VERSION $versionNumLong\" > InfoPlist.h\necho \"#define APP_VERSION $versionNum\" >> InfoPlist.h\ntouch BookReader/BookReader-Info.plist\n";
		};
		77B378DA17AB858A00D8D63D /* Mark Unfinished keywords */ = {
			isa = PBXShellScriptBuildPhase;
			buildActionMask = 2147483647;
			files = (
			);
			inputPaths = (
			);
			name = "Mark Unfinished keywords";
			outputPaths = (
			);
			runOnlyForDeploymentPostprocessing = 0;
			shellPath = /bin/sh;
			shellScript = "KEYWORDS=\"TODO:|FIXME:|\\?\\?\\?:|\\!\\!\\!:\"\nfind \"${SRCROOT}\" \\( -name \"*.h\" -or -name \"*.m\" \\) -print0 | xargs -0 egrep --with-filename --line-number --only-matching \"($KEYWORDS).*\\$\" | perl -p -e \"s/($KEYWORDS)/ warning: \\$1/\"";
		};
		F2C573A363DD491AA0A4E4DA /* Check Pods Manifest.lock */ = {
			isa = PBXShellScriptBuildPhase;
			buildActionMask = 2147483647;
			files = (
			);
			inputPaths = (
			);
			name = "Check Pods Manifest.lock";
			outputPaths = (
			);
			runOnlyForDeploymentPostprocessing = 0;
			shellPath = /bin/sh;
			shellScript = "diff \"${PODS_ROOT}/../Podfile.lock\" \"${PODS_ROOT}/Manifest.lock\" > /dev/null\nif [[ $? != 0 ]] ; then\n    cat << EOM\nerror: The sandbox is not in sync with the Podfile.lock. Run 'pod install' or update your CocoaPods installation.\nEOM\n    exit 1\nfi\n";
			showEnvVarsInLog = 0;
		};
/* End PBXShellScriptBuildPhase section */

/* Begin PBXSourcesBuildPhase section */
		8BDB0AAD165E03BB008F328A /* Sources */ = {
			isa = PBXSourcesBuildPhase;
			buildActionMask = 2147483647;
			files = (
				8BDB0AC2165E03BB008F328A /* main.m in Sources */,
				778671B117E3E464001FDB67 /* NSString+BundleExtensions.m in Sources */,
				77F889FD180C2C0900D6A45D /* BookCell.m in Sources */,
				8BDB0AC6165E03BB008F328A /* AppDelegate.m in Sources */,
				1888A3A516FFE8420046DA4C /* ServiceManager.m in Sources */,
				77F88A02180C2C0900D6A45D /* BRBookCell.m in Sources */,
				77F889C8180C2B9A00D6A45D /* UIView+BookReader.m in Sources */,
				18089E4B171CFA7C00BCB50E /* BRComment.m in Sources */,
				77F889FF180C2C0900D6A45D /* BookMarkCell.m in Sources */,
				18ABAF2F1724FAFC00ED02C6 /* BRPay.m in Sources */,
				18ABAF321724FB1D00ED02C6 /* BRUser.m in Sources */,
				77A90A24180CCC750049665B /* NSString+XXSY.m in Sources */,
				77A90A16180CCC130049665B /* NSUserDefaults+BookReader.m in Sources */,
				77E2E16517F6A02F003FD87A /* BRShelfCategoryView.m in Sources */,
				77F88A12180C2C0900D6A45D /* ReadHelpView.m in Sources */,
				77F88A16180C2C0900D6A45D /* WebViewController.m in Sources */,
				77E2E16817F6CB68003FD87A /* ShelfCategory+Setup.m in Sources */,
				77A90A1F180CCC640049665B /* PopLoginViewController.m in Sources */,
				77F889BC180C2B3500D6A45D /* BRBookStoreTabBarView.m in Sources */,
				7784F34517FBFDB500C666DF /* ModelManaged.xcdatamodeld in Sources */,
				77A90A25180CCC750049665B /* UINavigationController+RotationIn_IOS6.m in Sources */,
				77F88A07180C2C0900D6A45D /* BRViewController.m in Sources */,
				77F88A03180C2C0900D6A45D /* BRBookStoreViewController.m in Sources */,
				77E2E15C17F69A74003FD87A /* ShelfCategory.m in Sources */,
				77A90A19180CCC2D0049665B /* UITextField+BookReader.m in Sources */,
				778671B517E3E464001FDB67 /* UIColor+Hex.m in Sources */,
				778671B617E3E464001FDB67 /* UIColor+Random.m in Sources */,
				77F88A06180C2C0900D6A45D /* BRNotificationView.m in Sources */,
				77F88A0B180C2C0900D6A45D /* CommentCell.m in Sources */,
				778671B817E3E464001FDB67 /* UIViewController+HUD.m in Sources */,
				77F88A0F180C2C0900D6A45D /* GiftViewController.m in Sources */,
				77A90A1C180CCC540049665B /* CommentViewController.m in Sources */,
				77F88A13180C2C0900D6A45D /* ReadStatusView.m in Sources */,
				77F88A14180C2C0900D6A45D /* SignInViewController.m in Sources */,
				77F88A08180C2C0900D6A45D /* CategoryDetailsViewController.m in Sources */,
				77F88A04180C2C0900D6A45D /* BRBooksView.m in Sources */,
				77F88A05180C2C0900D6A45D /* BRHeaderView.m in Sources */,
				77E2E15917F69A04003FD87A /* Chapter.m in Sources */,
				779C6720174461DB00909D6A /* Book+Setup.m in Sources */,
				779C6723174461F000909D6A /* Chapter+Setup.m in Sources */,
				77F889C6180C2B9A00D6A45D /* UIColor+BookReader.m in Sources */,
				77F88A0E180C2C0900D6A45D /* GiftCell.m in Sources */,
				77F88A15180C2C0900D6A45D /* SignUpViewController.m in Sources */,
				77F889C7180C2B9A00D6A45D /* UILabel+BookReader.m in Sources */,
				77F88A10180C2C0900D6A45D /* MemberViewController.m in Sources */,
				778671BA17E3E464001FDB67 /* ZBViewController.m in Sources */,
				779C672C17446DCD00909D6A /* BRContextManager.m in Sources */,
				77F88A11180C2C0900D6A45D /* PasswordViewController.m in Sources */,
				77F889B9180BE63A00D6A45D /* BRBottomView.m in Sources */,
				77F88A01180C2C0900D6A45D /* BookShelfViewController.m in Sources */,
				77F88A0C180C2C0900D6A45D /* CoreTextView.m in Sources */,
				778671B917E3E464001FDB67 /* ZBTextValidate.m in Sources */,
				77E2E15F17F69AAF003FD87A /* Book.m in Sources */,
				18A7FF42176087C900F97099 /* Book+Local.m in Sources */,
				778671AF17E3E464001FDB67 /* MBProgressHUD+Appearance.m in Sources */,
				778671B717E3E464001FDB67 /* UIDevice+ZBUtilites.m in Sources */,
				77F88A0A180C2C0900D6A45D /* ChaptersViewController.m in Sources */,
				77F88A0D180C2C0900D6A45D /* CoreTextViewController.m in Sources */,
				77B378D817AB81B900D8D63D /* Mark.m in Sources */,
				77F889FE180C2C0900D6A45D /* BookDetailsViewController.m in Sources */,
				778671B217E3E464001FDB67 /* NSString+ZBUtilites.m in Sources */,
				18B39BAC17B067DF0092AC0A /* GiftButton.m in Sources */,
				77F88A09180C2C0900D6A45D /* ChapterCell.m in Sources */,
				778E7A6D17B7520F00DC28B7 /* BRWifiReminderView.m in Sources */,
				779423E317BDDDFA00814D07 /* BRNotification.m in Sources */,
				779423EC17BF559100814D07 /* BRChapterNameView.m in Sources */,
				77F88A00180C2C0900D6A45D /* BookReadMenuView.m in Sources */,
				779A5A8E17C0536700C865FE /* BookShelfHelpView.m in Sources */,
				77F889C5180C2B9A00D6A45D /* UIButton+BookReader.m in Sources */,
			);
			runOnlyForDeploymentPostprocessing = 0;
		};
/* End PBXSourcesBuildPhase section */

/* Begin PBXTargetDependency section */
		7778269717225830005BB0B6 /* PBXTargetDependency */ = {
			isa = PBXTargetDependency;
			target = 777826911722477A005BB0B6 /* GenGitVersion */;
			targetProxy = 7778269617225830005BB0B6 /* PBXContainerItemProxy */;
		};
/* End PBXTargetDependency section */

/* Begin PBXVariantGroup section */
		188FE62516F84510009561CB /* Localizable.strings */ = {
			isa = PBXVariantGroup;
			children = (
				188FE62616F84510009561CB /* zh-Hans */,
				188FE62816F8453E009561CB /* en */,
			);
			name = Localizable.strings;
			sourceTree = "<group>";
		};
		8BDB0ABE165E03BB008F328A /* InfoPlist.strings */ = {
			isa = PBXVariantGroup;
			children = (
				8BDB0ABF165E03BB008F328A /* en */,
				77B4B46516B281EB00C5C7A0 /* zh-Hans */,
			);
			name = InfoPlist.strings;
			sourceTree = "<group>";
		};
/* End PBXVariantGroup section */

/* Begin XCBuildConfiguration section */
		777826921722477B005BB0B6 /* Debug */ = {
			isa = XCBuildConfiguration;
			buildSettings = {
				PRODUCT_NAME = "$(TARGET_NAME)";
			};
			name = Debug;
		};
		777826931722477B005BB0B6 /* Release */ = {
			isa = XCBuildConfiguration;
			buildSettings = {
				PRODUCT_NAME = "$(TARGET_NAME)";
			};
			name = Release;
		};
		8BDB0ACD165E03BB008F328A /* Debug */ = {
			isa = XCBuildConfiguration;
			buildSettings = {
				ALWAYS_SEARCH_USER_PATHS = NO;
				CLANG_CXX_LANGUAGE_STANDARD = "gnu++0x";
				CLANG_CXX_LIBRARY = "libc++";
				CLANG_WARN_EMPTY_BODY = YES;
				CLANG_WARN__DUPLICATE_METHOD_MATCH = YES;
				CODE_SIGN_IDENTITY = "iPhone Developer: Zoom Bin (4XUATWN9SQ)";
				"CODE_SIGN_IDENTITY[sdk=iphoneos*]" = "iPhone Developer: Zoom Bin (4XUATWN9SQ)";
				COPY_PHASE_STRIP = NO;
				GCC_C_LANGUAGE_STANDARD = gnu99;
				GCC_DYNAMIC_NO_PIC = NO;
				GCC_OPTIMIZATION_LEVEL = 0;
				GCC_PREPROCESSOR_DEFINITIONS = (
					"DEBUG=1",
					"$(inherited)",
				);
				GCC_SYMBOLS_PRIVATE_EXTERN = NO;
				GCC_WARN_ABOUT_RETURN_TYPE = YES;
				GCC_WARN_UNINITIALIZED_AUTOS = YES;
				GCC_WARN_UNUSED_VARIABLE = YES;
				IPHONEOS_DEPLOYMENT_TARGET = 6.0;
				PROVISIONING_PROFILE = "";
				"PROVISIONING_PROFILE[sdk=iphoneos*]" = "";
				SDKROOT = iphoneos;
			};
			name = Debug;
		};
		8BDB0ACE165E03BB008F328A /* Release */ = {
			isa = XCBuildConfiguration;
			buildSettings = {
				ALWAYS_SEARCH_USER_PATHS = NO;
				CLANG_CXX_LANGUAGE_STANDARD = "gnu++0x";
				CLANG_CXX_LIBRARY = "libc++";
				CLANG_WARN_EMPTY_BODY = YES;
				CLANG_WARN__DUPLICATE_METHOD_MATCH = YES;
				CODE_SIGN_IDENTITY = "iPhone Distribution: Log(n) LLC";
				"CODE_SIGN_IDENTITY[sdk=iphoneos*]" = "iPhone Distribution: Log(n) LLC";
				COPY_PHASE_STRIP = YES;
				GCC_C_LANGUAGE_STANDARD = gnu99;
				GCC_WARN_ABOUT_RETURN_TYPE = YES;
				GCC_WARN_UNINITIALIZED_AUTOS = YES;
				GCC_WARN_UNUSED_VARIABLE = YES;
				IPHONEOS_DEPLOYMENT_TARGET = 6.0;
				OTHER_CFLAGS = "-DNS_BLOCK_ASSERTIONS=1";
				PROVISIONING_PROFILE = "";
				"PROVISIONING_PROFILE[sdk=iphoneos*]" = "";
				SDKROOT = iphoneos;
				VALIDATE_PRODUCT = YES;
			};
			name = Release;
		};
		8BDB0AD0165E03BB008F328A /* Debug */ = {
			isa = XCBuildConfiguration;
			baseConfigurationReference = 71420828D2A64A2E969CD3BD /* Pods.xcconfig */;
			buildSettings = {
				ARCHS = armv7;
				ASSETCATALOG_COMPILER_APPICON_NAME = AppIcon;
				ASSETCATALOG_COMPILER_LAUNCHIMAGE_NAME = LaunchImage;
				CLANG_ENABLE_OBJC_ARC = YES;
				CODE_SIGN_IDENTITY = "iPhone Developer";
				"CODE_SIGN_IDENTITY[sdk=iphoneos*]" = "iPhone Developer";
				FRAMEWORK_SEARCH_PATHS = (
					"$(inherited)",
					"\"$(SYSTEM_APPS_DIR)/Xcode.app/Contents/Developer/Library/Frameworks\"",
					"\"$(SRCROOT)/Libraries/MagicalRecord/Project Files/iOS App Unit Tests/Frameworks\"",
					"\"$(SRCROOT)/Libraries/MagicalRecord/Project Files/Mac App Unit Tests/Frameworks\"",
				);
				GCC_PRECOMPILE_PREFIX_HEADER = YES;
				GCC_PREFIX_HEADER = "BookReader/BookReader-Prefix.pch";
				INFOPLIST_FILE = "BookReader/BookReader-Info.plist";
				INFOPLIST_PREFIX_HEADER = InfoPlist.h;
				INFOPLIST_PREPROCESS = YES;
				IPHONEOS_DEPLOYMENT_TARGET = 5.0;
				LIBRARY_SEARCH_PATHS = (
					"$(inherited)",
					"\"$(SRCROOT)/Libraries/CNZZ\"",
					"\"$(SRCROOT)/Libraries/UMengSDK\"",
				);
				OTHER_LDFLAGS = "";
				"OTHER_LDFLAGS[arch=*]" = "-all_load";
				PRODUCT_NAME = "$(TARGET_NAME)";
				PROVISIONING_PROFILE = "";
				"PROVISIONING_PROFILE[sdk=iphoneos*]" = "";
				TARGETED_DEVICE_FAMILY = 1;
				WRAPPER_EXTENSION = app;
			};
			name = Debug;
		};
		8BDB0AD1165E03BB008F328A /* Release */ = {
			isa = XCBuildConfiguration;
			baseConfigurationReference = 71420828D2A64A2E969CD3BD /* Pods.xcconfig */;
			buildSettings = {
				ARCHS = armv7;
				ASSETCATALOG_COMPILER_APPICON_NAME = AppIcon;
				ASSETCATALOG_COMPILER_LAUNCHIMAGE_NAME = LaunchImage;
				CLANG_ENABLE_OBJC_ARC = YES;
				CODE_SIGN_IDENTITY = "iPhone Distribution: Xiao Xiang Shuyuan (7Y7NSKD85B)";
				"CODE_SIGN_IDENTITY[sdk=iphoneos*]" = "iPhone Distribution: Xiao Xiang Shuyuan (7Y7NSKD85B)";
				FRAMEWORK_SEARCH_PATHS = (
					"$(inherited)",
					"\"$(SYSTEM_APPS_DIR)/Xcode.app/Contents/Developer/Library/Frameworks\"",
					"\"$(SRCROOT)/Libraries/MagicalRecord/Project Files/iOS App Unit Tests/Frameworks\"",
					"\"$(SRCROOT)/Libraries/MagicalRecord/Project Files/Mac App Unit Tests/Frameworks\"",
				);
				GCC_PRECOMPILE_PREFIX_HEADER = YES;
				GCC_PREFIX_HEADER = "BookReader/BookReader-Prefix.pch";
				INFOPLIST_FILE = "BookReader/BookReader-Info.plist";
				INFOPLIST_PREFIX_HEADER = InfoPlist.h;
				INFOPLIST_PREPROCESS = YES;
				IPHONEOS_DEPLOYMENT_TARGET = 5.0;
				LIBRARY_SEARCH_PATHS = (
					"$(inherited)",
					"\"$(SRCROOT)/Libraries/CNZZ\"",
					"\"$(SRCROOT)/Libraries/UMengSDK\"",
				);
				OTHER_LDFLAGS = "";
				"OTHER_LDFLAGS[arch=*]" = "-all_load";
				PRODUCT_NAME = "$(TARGET_NAME)";
				PROVISIONING_PROFILE = "F59E5F92-8A3D-4665-A7BF-E17C68FF46A1";
				"PROVISIONING_PROFILE[sdk=iphoneos*]" = "F59E5F92-8A3D-4665-A7BF-E17C68FF46A1";
				TARGETED_DEVICE_FAMILY = 1;
				WRAPPER_EXTENSION = app;
			};
			name = Release;
		};
/* End XCBuildConfiguration section */

/* Begin XCConfigurationList section */
		777826941722477B005BB0B6 /* Build configuration list for PBXAggregateTarget "GenGitVersion" */ = {
			isa = XCConfigurationList;
			buildConfigurations = (
				777826921722477B005BB0B6 /* Debug */,
				777826931722477B005BB0B6 /* Release */,
			);
			defaultConfigurationIsVisible = 0;
			defaultConfigurationName = Release;
		};
		8BDB0AAB165E03BB008F328A /* Build configuration list for PBXProject "BookReader" */ = {
			isa = XCConfigurationList;
			buildConfigurations = (
				8BDB0ACD165E03BB008F328A /* Debug */,
				8BDB0ACE165E03BB008F328A /* Release */,
			);
			defaultConfigurationIsVisible = 0;
			defaultConfigurationName = Release;
		};
		8BDB0ACF165E03BB008F328A /* Build configuration list for PBXNativeTarget "BookReader" */ = {
			isa = XCConfigurationList;
			buildConfigurations = (
				8BDB0AD0165E03BB008F328A /* Debug */,
				8BDB0AD1165E03BB008F328A /* Release */,
			);
			defaultConfigurationIsVisible = 0;
			defaultConfigurationName = Release;
		};
/* End XCConfigurationList section */

/* Begin XCVersionGroup section */
		7784F34317FBFDB500C666DF /* ModelManaged.xcdatamodeld */ = {
			isa = XCVersionGroup;
			children = (
				7784F34417FBFDB500C666DF /* ModelManaged.xcdatamodel */,
			);
			currentVersion = 7784F34417FBFDB500C666DF /* ModelManaged.xcdatamodel */;
			path = ModelManaged.xcdatamodeld;
			sourceTree = "<group>";
			versionGroupType = wrapper.xcdatamodel;
		};
/* End XCVersionGroup section */
	};
	rootObject = 8BDB0AA8165E03BB008F328A /* Project object */;
}
